// !$*UTF8*$!
{
	archiveVersion = 1;
	classes = {
	};
	objectVersion = 46;
	objects = {

/* Begin PBXBuildFile section */
		00E356F31AD99517003FC87E /* RNLayoutsTests.m in Sources */ = {isa = PBXBuildFile; fileRef = 00E356F21AD99517003FC87E /* RNLayoutsTests.m */; };
		13B07FBC1A68108700A75B9A /* AppDelegate.m in Sources */ = {isa = PBXBuildFile; fileRef = 13B07FB01A68108700A75B9A /* AppDelegate.m */; };
		13B07FBD1A68108700A75B9A /* LaunchScreen.xib in Resources */ = {isa = PBXBuildFile; fileRef = 13B07FB11A68108700A75B9A /* LaunchScreen.xib */; };
		13B07FBF1A68108700A75B9A /* Images.xcassets in Resources */ = {isa = PBXBuildFile; fileRef = 13B07FB51A68108700A75B9A /* Images.xcassets */; };
		13B07FC11A68108700A75B9A /* main.m in Sources */ = {isa = PBXBuildFile; fileRef = 13B07FB71A68108700A75B9A /* main.m */; };
		2D02E4BC1E0B4A80006451C7 /* AppDelegate.m in Sources */ = {isa = PBXBuildFile; fileRef = 13B07FB01A68108700A75B9A /* AppDelegate.m */; };
		2D02E4BD1E0B4A84006451C7 /* Images.xcassets in Resources */ = {isa = PBXBuildFile; fileRef = 13B07FB51A68108700A75B9A /* Images.xcassets */; };
		2D02E4BF1E0B4AB3006451C7 /* main.m in Sources */ = {isa = PBXBuildFile; fileRef = 13B07FB71A68108700A75B9A /* main.m */; };
		2DCD954D1E0B4F2C00145EB5 /* RNLayoutsTests.m in Sources */ = {isa = PBXBuildFile; fileRef = 00E356F21AD99517003FC87E /* RNLayoutsTests.m */; };
		AABCD73951D54F62B71E1077 /* Exo2.0-Black.otf in Resources */ = {isa = PBXBuildFile; fileRef = 8772642B066D40928D695FE0 /* Exo2.0-Black.otf */; };
		E4F07A6A8B46424995CAD102 /* Exo2.0-BlackItalic.otf in Resources */ = {isa = PBXBuildFile; fileRef = 9A77C32D612D4C599E3E249C /* Exo2.0-BlackItalic.otf */; };
		2688FA44888D42EE9B648AD5 /* Exo2.0-Bold.otf in Resources */ = {isa = PBXBuildFile; fileRef = 0786EDBDB23B4773A51C82A7 /* Exo2.0-Bold.otf */; };
		BFB667FB733F4BF9B54F51F8 /* Exo2.0-BoldItalic.otf in Resources */ = {isa = PBXBuildFile; fileRef = 4DF0D4F0D5944C46A17E6EC0 /* Exo2.0-BoldItalic.otf */; };
		0E2EB35AC9A04801B60F2DDA /* Exo2.0-ExtraBold.otf in Resources */ = {isa = PBXBuildFile; fileRef = D0C45888C0BF47AF913F2436 /* Exo2.0-ExtraBold.otf */; };
		6642992421664434B1CA8CA1 /* Exo2.0-ExtraBoldItalic.otf in Resources */ = {isa = PBXBuildFile; fileRef = 1439F0A26A5441069C75A5EF /* Exo2.0-ExtraBoldItalic.otf */; };
		3AFB340F34F94E24AD95ECA8 /* Exo2.0-ExtraLight.otf in Resources */ = {isa = PBXBuildFile; fileRef = 6E015C6F575240AEA1DCB2D2 /* Exo2.0-ExtraLight.otf */; };
		104C2EE8F8374F30BD41D70A /* Exo2.0-ExtraLightItalic.otf in Resources */ = {isa = PBXBuildFile; fileRef = 1B09D2C4441A4F22ACBEC240 /* Exo2.0-ExtraLightItalic.otf */; };
		D216C899C3594C23B6D66A53 /* Exo2.0-Italic.otf in Resources */ = {isa = PBXBuildFile; fileRef = D65072B0139B49C6B5F5C90B /* Exo2.0-Italic.otf */; };
		2B858357FD1B4F239EF0AECE /* Exo2.0-Light.otf in Resources */ = {isa = PBXBuildFile; fileRef = CED4CE847F7C491892946D54 /* Exo2.0-Light.otf */; };
		E125EF9800D54C0C8577CC81 /* Exo2.0-LightItalic.otf in Resources */ = {isa = PBXBuildFile; fileRef = 1DF39763B3A04F08A0927BBA /* Exo2.0-LightItalic.otf */; };
		6A4A6FAF72E54BB0A331FB72 /* Exo2.0-Medium.otf in Resources */ = {isa = PBXBuildFile; fileRef = 1E8DF160A08F41A09051A03B /* Exo2.0-Medium.otf */; };
		097D6D773F644A96A6F59F4D /* Exo2.0-MediumItalic.otf in Resources */ = {isa = PBXBuildFile; fileRef = D10EEAE5AEB445A3A745DC1F /* Exo2.0-MediumItalic.otf */; };
		4E71669BDCFA47E392B90592 /* Exo2.0-Regular.otf in Resources */ = {isa = PBXBuildFile; fileRef = 9D80E3570476463184C9D57D /* Exo2.0-Regular.otf */; };
		2317C741AA21424B8DDF929B /* Exo2.0-SemiBold.otf in Resources */ = {isa = PBXBuildFile; fileRef = 6139043C83D74AFFB39CA346 /* Exo2.0-SemiBold.otf */; };
		57EE7784743F4ABFA11DE291 /* Exo2.0-SemiBoldItalic.otf in Resources */ = {isa = PBXBuildFile; fileRef = D15F43F963394C82B8BF19D1 /* Exo2.0-SemiBoldItalic.otf */; };
		6260FA86EC104EB5944146C9 /* Exo2.0-Thin.otf in Resources */ = {isa = PBXBuildFile; fileRef = 747D0FBC86B94BE58DA7D320 /* Exo2.0-Thin.otf */; };
		7D0088E3159A42CA8745ED03 /* Exo2.0-ThinItalic.otf in Resources */ = {isa = PBXBuildFile; fileRef = 3A8CEE0832BB47648BD6BA6B /* Exo2.0-ThinItalic.otf */; };
		C22101642AF74CF29C5655A4 /* Montserrat-Black.otf in Resources */ = {isa = PBXBuildFile; fileRef = 3E3C7BEF15844A6187603BC7 /* Montserrat-Black.otf */; };
		EB3F8E32BEA74BA29499FBAC /* Montserrat-BlackItalic.otf in Resources */ = {isa = PBXBuildFile; fileRef = 0CCC7E4F954F47F791DD064A /* Montserrat-BlackItalic.otf */; };
		37F7379C61474BF8BF633A3A /* Montserrat-Bold.otf in Resources */ = {isa = PBXBuildFile; fileRef = 2CC2250E3F0448CB8B70937C /* Montserrat-Bold.otf */; };
		A2D7A0E9C4C14C2C8F7F96B5 /* Montserrat-BoldItalic.otf in Resources */ = {isa = PBXBuildFile; fileRef = 9AB3D3D2CF7D41C38B749BE7 /* Montserrat-BoldItalic.otf */; };
		78E5F2577AD64CFF95BCE53A /* Montserrat-ExtraBold.otf in Resources */ = {isa = PBXBuildFile; fileRef = E8261A18A36D4CC984ED4B79 /* Montserrat-ExtraBold.otf */; };
		6DAE849D538C49A386438025 /* Montserrat-ExtraBoldItalic.otf in Resources */ = {isa = PBXBuildFile; fileRef = 4C9D4D70BBA9457CAB497DFC /* Montserrat-ExtraBoldItalic.otf */; };
		AFB65751D4A7497490D0DD45 /* Montserrat-ExtraLight.otf in Resources */ = {isa = PBXBuildFile; fileRef = 2B88E35F2671459F91290871 /* Montserrat-ExtraLight.otf */; };
		5D56D8EA617D44548F976078 /* Montserrat-ExtraLightItalic.otf in Resources */ = {isa = PBXBuildFile; fileRef = 47DD8B981DF043B2BFF0F66B /* Montserrat-ExtraLightItalic.otf */; };
		5AFF913869D94C30B7C19A78 /* Montserrat-Italic.otf in Resources */ = {isa = PBXBuildFile; fileRef = CD26BAE22E0846799C94E264 /* Montserrat-Italic.otf */; };
		D55694C9BF2943409D14F356 /* Montserrat-Light.otf in Resources */ = {isa = PBXBuildFile; fileRef = 15D5535FA7F24414A35FC75C /* Montserrat-Light.otf */; };
		76D435A848E94481B39EF059 /* Montserrat-LightItalic.otf in Resources */ = {isa = PBXBuildFile; fileRef = 6D68EDD5569F47C7830068EB /* Montserrat-LightItalic.otf */; };
		BAF8CAF402CB4142865B72B6 /* Montserrat-Medium.otf in Resources */ = {isa = PBXBuildFile; fileRef = 672550ECAB8D4691BAA3A52C /* Montserrat-Medium.otf */; };
		A67FC617143F41C7A031EF27 /* Montserrat-MediumItalic.otf in Resources */ = {isa = PBXBuildFile; fileRef = D72AF5B017A6469BABD47CCA /* Montserrat-MediumItalic.otf */; };
		394EF30875434717BA65EEC0 /* Montserrat-Regular.otf in Resources */ = {isa = PBXBuildFile; fileRef = BD5BBF8945C24BA6B598D987 /* Montserrat-Regular.otf */; };
		AFF490ABD4084002B0A909EF /* Montserrat-SemiBold.otf in Resources */ = {isa = PBXBuildFile; fileRef = 04AB3C8AE30140E4A546D92A /* Montserrat-SemiBold.otf */; };
		EBEED377E24641D2A05E7CF0 /* Montserrat-SemiBoldItalic.otf in Resources */ = {isa = PBXBuildFile; fileRef = 5F490454C2BD4DC5A32D3681 /* Montserrat-SemiBoldItalic.otf */; };
		A2C8A65F0BCF44F7B60CA543 /* Montserrat-Thin.otf in Resources */ = {isa = PBXBuildFile; fileRef = B4AB543E7F774F21A37B4516 /* Montserrat-Thin.otf */; };
		9F8D09FB19F74A4EA8D9F7F1 /* Montserrat-ThinItalic.otf in Resources */ = {isa = PBXBuildFile; fileRef = 0C321F2740944E48BD637E51 /* Montserrat-ThinItalic.otf */; };
		3962DA20F4F24AB1B4A59749 /* MontserratAlternates-Black.otf in Resources */ = {isa = PBXBuildFile; fileRef = 6AB34C3617D745A5B63E4556 /* MontserratAlternates-Black.otf */; };
		D9871F799B6847E697AEAF18 /* MontserratAlternates-BlackItalic.otf in Resources */ = {isa = PBXBuildFile; fileRef = 55424EA7203744A391845811 /* MontserratAlternates-BlackItalic.otf */; };
		5DC002711F8B4E01BC29396F /* MontserratAlternates-Bold.otf in Resources */ = {isa = PBXBuildFile; fileRef = 2568E73321D247AAB0E1B839 /* MontserratAlternates-Bold.otf */; };
		78D0F6C1001A49EC9609709B /* MontserratAlternates-BoldItalic.otf in Resources */ = {isa = PBXBuildFile; fileRef = FE100A7C55F149E59916A263 /* MontserratAlternates-BoldItalic.otf */; };
		2590B0BE675641BA96874A85 /* MontserratAlternates-ExtraBold.otf in Resources */ = {isa = PBXBuildFile; fileRef = D72BD0623476425AB4AFF0C4 /* MontserratAlternates-ExtraBold.otf */; };
		FAD4BB2DD30B4C838A7B7E3B /* MontserratAlternates-ExtraBoldItalic.otf in Resources */ = {isa = PBXBuildFile; fileRef = FC67BCE644D946EF9E07B6CD /* MontserratAlternates-ExtraBoldItalic.otf */; };
		E1C3D90F632D484DA023E525 /* MontserratAlternates-ExtraLight.otf in Resources */ = {isa = PBXBuildFile; fileRef = B974939ED2984E14B4E6461E /* MontserratAlternates-ExtraLight.otf */; };
		44962DE842804460A84DF91D /* MontserratAlternates-ExtraLightItalic.otf in Resources */ = {isa = PBXBuildFile; fileRef = FFD9C3F6E496497EBA6AF866 /* MontserratAlternates-ExtraLightItalic.otf */; };
		3A012F520019431CA73FF943 /* MontserratAlternates-Italic.otf in Resources */ = {isa = PBXBuildFile; fileRef = 328B1316925C412E9BE1C9DF /* MontserratAlternates-Italic.otf */; };
		84EBDC595B334A18956C7611 /* MontserratAlternates-Light.otf in Resources */ = {isa = PBXBuildFile; fileRef = 7825C51EE96F482DA3F4DB4A /* MontserratAlternates-Light.otf */; };
		1FC0EA64D7694D97A676D4CB /* MontserratAlternates-LightItalic.otf in Resources */ = {isa = PBXBuildFile; fileRef = 67C2D84B1C704362A56BB376 /* MontserratAlternates-LightItalic.otf */; };
		F16AFACE78F34D8D91D6D166 /* MontserratAlternates-Medium.otf in Resources */ = {isa = PBXBuildFile; fileRef = 5D373386A1FB4E0390592354 /* MontserratAlternates-Medium.otf */; };
		413B07E10FC243D8BB983926 /* MontserratAlternates-MediumItalic.otf in Resources */ = {isa = PBXBuildFile; fileRef = 7489D3D967844253BE731397 /* MontserratAlternates-MediumItalic.otf */; };
		E39FC1F0C96C45FEAED03AB6 /* MontserratAlternates-Regular.otf in Resources */ = {isa = PBXBuildFile; fileRef = 533562B28CA04E16B4B27A87 /* MontserratAlternates-Regular.otf */; };
		A0A6413C3B1C427594CCB769 /* MontserratAlternates-SemiBold.otf in Resources */ = {isa = PBXBuildFile; fileRef = A007AED73974467C8F981F94 /* MontserratAlternates-SemiBold.otf */; };
		DBAF8B0D13224275B1EAE5D7 /* MontserratAlternates-SemiBoldItalic.otf in Resources */ = {isa = PBXBuildFile; fileRef = 9D8400C3BB094326A7F61EB8 /* MontserratAlternates-SemiBoldItalic.otf */; };
		742C41E99B354636BAD8DD14 /* MontserratAlternates-Thin.otf in Resources */ = {isa = PBXBuildFile; fileRef = 881DB3B8069F40EB8D0B51F6 /* MontserratAlternates-Thin.otf */; };
		E115D6F481744CDEAF139E16 /* MontserratAlternates-ThinItalic.otf in Resources */ = {isa = PBXBuildFile; fileRef = F7B709330586497EB7BEADE7 /* MontserratAlternates-ThinItalic.otf */; };
		5BF585A3C9B74EC89A357BA9 /* montserrat-medium.ttf in Resources */ = {isa = PBXBuildFile; fileRef = 169840F3430741C78C8C6835 /* montserrat-medium.ttf */; };
		F065CEEEA51D45F688CE6427 /* montserrat-regular.ttf in Resources */ = {isa = PBXBuildFile; fileRef = 9B71B0E663BF4ABF828464D5 /* montserrat-regular.ttf */; };
		EA991A3F4A1645F784FF1645 /* montserrat-thin.ttf in Resources */ = {isa = PBXBuildFile; fileRef = 803FA03E81AC45E3BD3AB53C /* montserrat-thin.ttf */; };
		6DA40A6851D146A1A605C9C8 /* montserrat.ttf in Resources */ = {isa = PBXBuildFile; fileRef = CF4623AEEDBE420688A2C850 /* montserrat.ttf */; };
		14492C4581404D3198E10024 /* Roboto-Black.ttf in Resources */ = {isa = PBXBuildFile; fileRef = AC94B61ACE404D86B9E96E56 /* Roboto-Black.ttf */; };
		1A50653C5DA94C67931DFD32 /* Roboto-BlackItalic.ttf in Resources */ = {isa = PBXBuildFile; fileRef = A56A9041AD8C4E17A682B21D /* Roboto-BlackItalic.ttf */; };
		B57EC5AB8928482A8D65586C /* Roboto-Bold.ttf in Resources */ = {isa = PBXBuildFile; fileRef = 4420C01221CF473C91E555AD /* Roboto-Bold.ttf */; };
		6E4A5BD0ED3D43EBB7DAE84C /* Roboto-BoldCondensed.ttf in Resources */ = {isa = PBXBuildFile; fileRef = 8FD2B7324814448BAB713D19 /* Roboto-BoldCondensed.ttf */; };
		AEB18FEE9FDE45ED98E423E4 /* Roboto-BoldCondensedItalic.ttf in Resources */ = {isa = PBXBuildFile; fileRef = 0EA624EE29B143C9BA00DAEF /* Roboto-BoldCondensedItalic.ttf */; };
		2D8E1AF9A92C4303981465E8 /* Roboto-BoldItalic.ttf in Resources */ = {isa = PBXBuildFile; fileRef = 43F8CDC93A354860912FA0BF /* Roboto-BoldItalic.ttf */; };
		B9B0E1189ABE4D5D86BFAFD0 /* Roboto-Condensed.ttf in Resources */ = {isa = PBXBuildFile; fileRef = 0662CB03F4A14AB3B02BABDF /* Roboto-Condensed.ttf */; };
		19D0854A7E814454BE56513E /* Roboto-CondensedItalic.ttf in Resources */ = {isa = PBXBuildFile; fileRef = 256A10AA3A1346B6BDE7D7B2 /* Roboto-CondensedItalic.ttf */; };
		D25AC61A1F874AEFAC53D68D /* Roboto-Italic.ttf in Resources */ = {isa = PBXBuildFile; fileRef = BDCC8D25BDEA4B9AAA3BF4F1 /* Roboto-Italic.ttf */; };
		44C0720D7C3B4B30AA9C6F07 /* Roboto-Light.ttf in Resources */ = {isa = PBXBuildFile; fileRef = 986C121F55C64B2BACFBF73F /* Roboto-Light.ttf */; };
		6E9F5ADB2F2E4A3C905C3A37 /* Roboto-LightItalic.ttf in Resources */ = {isa = PBXBuildFile; fileRef = 5948EF676E0240059DE88529 /* Roboto-LightItalic.ttf */; };
		AC2E92281D2C40EFB10B32DE /* Roboto-Medium.ttf in Resources */ = {isa = PBXBuildFile; fileRef = 8D6B6E5FDAAF4533AA4A7CE3 /* Roboto-Medium.ttf */; };
		857E3ECC5F1C4CD4A16B6CAA /* Roboto-MediumItalic.ttf in Resources */ = {isa = PBXBuildFile; fileRef = 0981440818B04479B3F1A0A1 /* Roboto-MediumItalic.ttf */; };
		B8AF684229EE4058A3FC46B4 /* Roboto-Regular.ttf in Resources */ = {isa = PBXBuildFile; fileRef = 023006DC0C3D47E2B7D638AE /* Roboto-Regular.ttf */; };
		3F52B13B6AC64B60BDA9306C /* Roboto-Thin.ttf in Resources */ = {isa = PBXBuildFile; fileRef = 4EFB36A1741B429EA6861D2D /* Roboto-Thin.ttf */; };
		3C8CB85272FB4FDEA974E7E8 /* Roboto-ThinItalic.ttf in Resources */ = {isa = PBXBuildFile; fileRef = 3666B3C557224CB09E000E2F /* Roboto-ThinItalic.ttf */; };
		6A6552C2473A4C379A0F180F /* AntDesign.ttf in Resources */ = {isa = PBXBuildFile; fileRef = CBC2DF43090340DF9A19769F /* AntDesign.ttf */; };
		B89EC6DF46884A13B7A37997 /* Entypo.ttf in Resources */ = {isa = PBXBuildFile; fileRef = 64697D7D5B644271A9DE08F8 /* Entypo.ttf */; };
		7231A5C1ACAA48BE8B80E969 /* EvilIcons.ttf in Resources */ = {isa = PBXBuildFile; fileRef = C312720E17514D3BA2F68EC4 /* EvilIcons.ttf */; };
		C29BCF07CA4D413B9ADDCFC3 /* Feather.ttf in Resources */ = {isa = PBXBuildFile; fileRef = D71580A4390F45DBADEC9217 /* Feather.ttf */; };
		ACE55E9A81244A3894F2253C /* FontAwesome.ttf in Resources */ = {isa = PBXBuildFile; fileRef = D984BDF1ED6B4D8D85C836A4 /* FontAwesome.ttf */; };
		55C79C377A5442B7B8A001F2 /* FontAwesome5_Brands.ttf in Resources */ = {isa = PBXBuildFile; fileRef = 8BD84AFF498F4D758353E9C2 /* FontAwesome5_Brands.ttf */; };
		8678A3A3794B47F4B431C991 /* FontAwesome5_Regular.ttf in Resources */ = {isa = PBXBuildFile; fileRef = 705719DBF2E54330AA70CFC2 /* FontAwesome5_Regular.ttf */; };
		0C6F9A0CB2C24459A5253A75 /* FontAwesome5_Solid.ttf in Resources */ = {isa = PBXBuildFile; fileRef = 5428171D283D4D8A9DC5AA54 /* FontAwesome5_Solid.ttf */; };
		736A475B90874F1099B70A40 /* Fontisto.ttf in Resources */ = {isa = PBXBuildFile; fileRef = B11AC1E63C2D4ABE9B2EBD3F /* Fontisto.ttf */; };
		67484FD0344B4C6A85BFDB5B /* Foundation.ttf in Resources */ = {isa = PBXBuildFile; fileRef = 50728D5A852C489A9850DC44 /* Foundation.ttf */; };
		BCF49F7BF2B04A229D585050 /* Ionicons.ttf in Resources */ = {isa = PBXBuildFile; fileRef = 4E218BF35FC242039CBCE0DB /* Ionicons.ttf */; };
		0EB39BBB36034514B3748494 /* MaterialCommunityIcons.ttf in Resources */ = {isa = PBXBuildFile; fileRef = 471E0E25C7E645029449905F /* MaterialCommunityIcons.ttf */; };
		0E887E8A71C2439496A1B4A3 /* MaterialIcons.ttf in Resources */ = {isa = PBXBuildFile; fileRef = A53FE8E202CE4DB58DEA57B5 /* MaterialIcons.ttf */; };
		213B3243DF004C569CA3F0BA /* Octicons.ttf in Resources */ = {isa = PBXBuildFile; fileRef = 88BAA7D972F54FC9948E5233 /* Octicons.ttf */; };
		AAEB1260A4F8449482EF25DE /* SimpleLineIcons.ttf in Resources */ = {isa = PBXBuildFile; fileRef = E4133EEB839748498955F0DA /* SimpleLineIcons.ttf */; };
		D5ED2A5923244BC8969722FD /* Zocial.ttf in Resources */ = {isa = PBXBuildFile; fileRef = FD473907839F48DDA149AD8A /* Zocial.ttf */; };
		CDFAD2F6CAC34D5F812FE5F4 /* Montserrat-Black.ttf in Resources */ = {isa = PBXBuildFile; fileRef = E2B853D934494999ACC1840B /* Montserrat-Black.ttf */; };
		100F157159694969969ED7D1 /* Montserrat-BlackItalic.ttf in Resources */ = {isa = PBXBuildFile; fileRef = CF8789426DB64BD3B9F5FFDE /* Montserrat-BlackItalic.ttf */; };
		CC6611ACEF424DF09EF4F6F1 /* Montserrat-Bold.ttf in Resources */ = {isa = PBXBuildFile; fileRef = 1AA28A283FAD4682B8A01AC3 /* Montserrat-Bold.ttf */; };
		77780739FB4D4C178093FC97 /* Montserrat-BoldItalic.ttf in Resources */ = {isa = PBXBuildFile; fileRef = 5812A9ABAF11437BB40DBAD1 /* Montserrat-BoldItalic.ttf */; };
		05C82AB2620349878F00FECF /* Montserrat-ExtraBold.ttf in Resources */ = {isa = PBXBuildFile; fileRef = 19FC56CD4AF644B1A3C46939 /* Montserrat-ExtraBold.ttf */; };
		8959A63310BD4B078F7D2A5C /* Montserrat-ExtraBoldItalic.ttf in Resources */ = {isa = PBXBuildFile; fileRef = 19C7CCE7BF4549EA92D7367F /* Montserrat-ExtraBoldItalic.ttf */; };
		7DC0821BA9A94CC89EA2C158 /* Montserrat-ExtraLight.ttf in Resources */ = {isa = PBXBuildFile; fileRef = FE529B47729A4882AC8F82A4 /* Montserrat-ExtraLight.ttf */; };
		E0A258E21CCF4B908A0C48C3 /* Montserrat-ExtraLightItalic.ttf in Resources */ = {isa = PBXBuildFile; fileRef = 9138FF96D32E4631BFACFB61 /* Montserrat-ExtraLightItalic.ttf */; };
		6627A484176D4B619B99BDC1 /* Montserrat-Italic.ttf in Resources */ = {isa = PBXBuildFile; fileRef = 6F3CDA89C0A7483A925C5148 /* Montserrat-Italic.ttf */; };
		E5DF3D3CA6354E19ACC6258F /* Montserrat-Light.ttf in Resources */ = {isa = PBXBuildFile; fileRef = 63B51713ECAD4CA6A2AEF1B4 /* Montserrat-Light.ttf */; };
		06DDD6A431C04C5496CC7E65 /* Montserrat-LightItalic.ttf in Resources */ = {isa = PBXBuildFile; fileRef = 2DE6555E166F49C591313F64 /* Montserrat-LightItalic.ttf */; };
		F7A0627E71E74F2B97CB8FF5 /* Montserrat-Medium.ttf in Resources */ = {isa = PBXBuildFile; fileRef = 69D6C048D73F496985250E52 /* Montserrat-Medium.ttf */; };
		83163CB768E04B618D0E4836 /* Montserrat-MediumItalic.ttf in Resources */ = {isa = PBXBuildFile; fileRef = AAB6E49DA088427FBEB2C42C /* Montserrat-MediumItalic.ttf */; };
		8F82B1B7B29C4B32B5759FCC /* Montserrat-Regular.ttf in Resources */ = {isa = PBXBuildFile; fileRef = 8DF2CB968A7945BC901D03F0 /* Montserrat-Regular.ttf */; };
		4572540C5F364C109AADA5B5 /* Montserrat-SemiBold.ttf in Resources */ = {isa = PBXBuildFile; fileRef = A1ECD623BB4D472FA715314A /* Montserrat-SemiBold.ttf */; };
		8DB876D303764A34B8E9AC96 /* Montserrat-SemiBoldItalic.ttf in Resources */ = {isa = PBXBuildFile; fileRef = AB128358AA4749948B245690 /* Montserrat-SemiBoldItalic.ttf */; };
		E043D610A27F4014965CD91B /* Montserrat-Thin.ttf in Resources */ = {isa = PBXBuildFile; fileRef = 26DC80871B6C4584B04C39DA /* Montserrat-Thin.ttf */; };
		A8DCF8C30F38489B9E813E46 /* Montserrat-ThinItalic.ttf in Resources */ = {isa = PBXBuildFile; fileRef = 2402FD28DE2B472ABDF4213F /* Montserrat-ThinItalic.ttf */; };
/* End PBXBuildFile section */

/* Begin PBXContainerItemProxy section */
		00E356F41AD99517003FC87E /* PBXContainerItemProxy */ = {
			isa = PBXContainerItemProxy;
			containerPortal = 83CBB9F71A601CBA00E9B192 /* Project object */;
			proxyType = 1;
			remoteGlobalIDString = 13B07F861A680F5B00A75B9A;
			remoteInfo = RNLayouts;
		};
		2D02E4911E0B4A5D006451C7 /* PBXContainerItemProxy */ = {
			isa = PBXContainerItemProxy;
			containerPortal = 83CBB9F71A601CBA00E9B192 /* Project object */;
			proxyType = 1;
			remoteGlobalIDString = 2D02E47A1E0B4A5D006451C7;
			remoteInfo = "RNLayouts-tvOS";
		};
/* End PBXContainerItemProxy section */

/* Begin PBXFileReference section */
		008F07F21AC5B25A0029DE68 /* main.jsbundle */ = {isa = PBXFileReference; fileEncoding = 4; lastKnownFileType = text; path = main.jsbundle; sourceTree = "<group>"; };
		00E356EE1AD99517003FC87E /* RNLayoutsTests.xctest */ = {isa = PBXFileReference; explicitFileType = wrapper.cfbundle; includeInIndex = 0; path = RNLayoutsTests.xctest; sourceTree = BUILT_PRODUCTS_DIR; };
		00E356F11AD99517003FC87E /* Info.plist */ = {isa = PBXFileReference; lastKnownFileType = text.plist.xml; path = Info.plist; sourceTree = "<group>"; };
		00E356F21AD99517003FC87E /* RNLayoutsTests.m */ = {isa = PBXFileReference; lastKnownFileType = sourcecode.c.objc; path = RNLayoutsTests.m; sourceTree = "<group>"; };
		13B07F961A680F5B00A75B9A /* RNLayouts.app */ = {isa = PBXFileReference; explicitFileType = wrapper.application; includeInIndex = 0; path = RNLayouts.app; sourceTree = BUILT_PRODUCTS_DIR; };
		13B07FAF1A68108700A75B9A /* AppDelegate.h */ = {isa = PBXFileReference; fileEncoding = 4; lastKnownFileType = sourcecode.c.h; name = AppDelegate.h; path = RNLayouts/AppDelegate.h; sourceTree = "<group>"; };
		13B07FB01A68108700A75B9A /* AppDelegate.m */ = {isa = PBXFileReference; fileEncoding = 4; lastKnownFileType = sourcecode.c.objc; name = AppDelegate.m; path = RNLayouts/AppDelegate.m; sourceTree = "<group>"; };
		13B07FB21A68108700A75B9A /* Base */ = {isa = PBXFileReference; lastKnownFileType = file.xib; name = Base; path = Base.lproj/LaunchScreen.xib; sourceTree = "<group>"; };
		13B07FB51A68108700A75B9A /* Images.xcassets */ = {isa = PBXFileReference; lastKnownFileType = folder.assetcatalog; name = Images.xcassets; path = RNLayouts/Images.xcassets; sourceTree = "<group>"; };
		13B07FB61A68108700A75B9A /* Info.plist */ = {isa = PBXFileReference; fileEncoding = 4; lastKnownFileType = text.plist.xml; name = Info.plist; path = RNLayouts/Info.plist; sourceTree = "<group>"; };
		13B07FB71A68108700A75B9A /* main.m */ = {isa = PBXFileReference; fileEncoding = 4; lastKnownFileType = sourcecode.c.objc; name = main.m; path = RNLayouts/main.m; sourceTree = "<group>"; };
		2D02E47B1E0B4A5D006451C7 /* RNLayouts-tvOS.app */ = {isa = PBXFileReference; explicitFileType = wrapper.application; includeInIndex = 0; path = "RNLayouts-tvOS.app"; sourceTree = BUILT_PRODUCTS_DIR; };
		2D02E4901E0B4A5D006451C7 /* RNLayouts-tvOSTests.xctest */ = {isa = PBXFileReference; explicitFileType = wrapper.cfbundle; includeInIndex = 0; path = "RNLayouts-tvOSTests.xctest"; sourceTree = BUILT_PRODUCTS_DIR; };
		ED297162215061F000B7C4FE /* JavaScriptCore.framework */ = {isa = PBXFileReference; lastKnownFileType = wrapper.framework; name = JavaScriptCore.framework; path = System/Library/Frameworks/JavaScriptCore.framework; sourceTree = SDKROOT; };
		ED2971642150620600B7C4FE /* JavaScriptCore.framework */ = {isa = PBXFileReference; lastKnownFileType = wrapper.framework; name = JavaScriptCore.framework; path = Platforms/AppleTVOS.platform/Developer/SDKs/AppleTVOS12.0.sdk/System/Library/Frameworks/JavaScriptCore.framework; sourceTree = DEVELOPER_DIR; };
		8772642B066D40928D695FE0 /* Exo2.0-Black.otf */ = {isa = PBXFileReference; name = "Exo2.0-Black.otf"; path = "../assets/fonts/Exo2.0-Black.otf"; sourceTree = "<group>"; fileEncoding = undefined; lastKnownFileType = unknown; explicitFileType = undefined; includeInIndex = 0; };
		9A77C32D612D4C599E3E249C /* Exo2.0-BlackItalic.otf */ = {isa = PBXFileReference; name = "Exo2.0-BlackItalic.otf"; path = "../assets/fonts/Exo2.0-BlackItalic.otf"; sourceTree = "<group>"; fileEncoding = undefined; lastKnownFileType = unknown; explicitFileType = undefined; includeInIndex = 0; };
		0786EDBDB23B4773A51C82A7 /* Exo2.0-Bold.otf */ = {isa = PBXFileReference; name = "Exo2.0-Bold.otf"; path = "../assets/fonts/Exo2.0-Bold.otf"; sourceTree = "<group>"; fileEncoding = undefined; lastKnownFileType = unknown; explicitFileType = undefined; includeInIndex = 0; };
		4DF0D4F0D5944C46A17E6EC0 /* Exo2.0-BoldItalic.otf */ = {isa = PBXFileReference; name = "Exo2.0-BoldItalic.otf"; path = "../assets/fonts/Exo2.0-BoldItalic.otf"; sourceTree = "<group>"; fileEncoding = undefined; lastKnownFileType = unknown; explicitFileType = undefined; includeInIndex = 0; };
		D0C45888C0BF47AF913F2436 /* Exo2.0-ExtraBold.otf */ = {isa = PBXFileReference; name = "Exo2.0-ExtraBold.otf"; path = "../assets/fonts/Exo2.0-ExtraBold.otf"; sourceTree = "<group>"; fileEncoding = undefined; lastKnownFileType = unknown; explicitFileType = undefined; includeInIndex = 0; };
		1439F0A26A5441069C75A5EF /* Exo2.0-ExtraBoldItalic.otf */ = {isa = PBXFileReference; name = "Exo2.0-ExtraBoldItalic.otf"; path = "../assets/fonts/Exo2.0-ExtraBoldItalic.otf"; sourceTree = "<group>"; fileEncoding = undefined; lastKnownFileType = unknown; explicitFileType = undefined; includeInIndex = 0; };
		6E015C6F575240AEA1DCB2D2 /* Exo2.0-ExtraLight.otf */ = {isa = PBXFileReference; name = "Exo2.0-ExtraLight.otf"; path = "../assets/fonts/Exo2.0-ExtraLight.otf"; sourceTree = "<group>"; fileEncoding = undefined; lastKnownFileType = unknown; explicitFileType = undefined; includeInIndex = 0; };
		1B09D2C4441A4F22ACBEC240 /* Exo2.0-ExtraLightItalic.otf */ = {isa = PBXFileReference; name = "Exo2.0-ExtraLightItalic.otf"; path = "../assets/fonts/Exo2.0-ExtraLightItalic.otf"; sourceTree = "<group>"; fileEncoding = undefined; lastKnownFileType = unknown; explicitFileType = undefined; includeInIndex = 0; };
		D65072B0139B49C6B5F5C90B /* Exo2.0-Italic.otf */ = {isa = PBXFileReference; name = "Exo2.0-Italic.otf"; path = "../assets/fonts/Exo2.0-Italic.otf"; sourceTree = "<group>"; fileEncoding = undefined; lastKnownFileType = unknown; explicitFileType = undefined; includeInIndex = 0; };
		CED4CE847F7C491892946D54 /* Exo2.0-Light.otf */ = {isa = PBXFileReference; name = "Exo2.0-Light.otf"; path = "../assets/fonts/Exo2.0-Light.otf"; sourceTree = "<group>"; fileEncoding = undefined; lastKnownFileType = unknown; explicitFileType = undefined; includeInIndex = 0; };
		1DF39763B3A04F08A0927BBA /* Exo2.0-LightItalic.otf */ = {isa = PBXFileReference; name = "Exo2.0-LightItalic.otf"; path = "../assets/fonts/Exo2.0-LightItalic.otf"; sourceTree = "<group>"; fileEncoding = undefined; lastKnownFileType = unknown; explicitFileType = undefined; includeInIndex = 0; };
		1E8DF160A08F41A09051A03B /* Exo2.0-Medium.otf */ = {isa = PBXFileReference; name = "Exo2.0-Medium.otf"; path = "../assets/fonts/Exo2.0-Medium.otf"; sourceTree = "<group>"; fileEncoding = undefined; lastKnownFileType = unknown; explicitFileType = undefined; includeInIndex = 0; };
		D10EEAE5AEB445A3A745DC1F /* Exo2.0-MediumItalic.otf */ = {isa = PBXFileReference; name = "Exo2.0-MediumItalic.otf"; path = "../assets/fonts/Exo2.0-MediumItalic.otf"; sourceTree = "<group>"; fileEncoding = undefined; lastKnownFileType = unknown; explicitFileType = undefined; includeInIndex = 0; };
		9D80E3570476463184C9D57D /* Exo2.0-Regular.otf */ = {isa = PBXFileReference; name = "Exo2.0-Regular.otf"; path = "../assets/fonts/Exo2.0-Regular.otf"; sourceTree = "<group>"; fileEncoding = undefined; lastKnownFileType = unknown; explicitFileType = undefined; includeInIndex = 0; };
		6139043C83D74AFFB39CA346 /* Exo2.0-SemiBold.otf */ = {isa = PBXFileReference; name = "Exo2.0-SemiBold.otf"; path = "../assets/fonts/Exo2.0-SemiBold.otf"; sourceTree = "<group>"; fileEncoding = undefined; lastKnownFileType = unknown; explicitFileType = undefined; includeInIndex = 0; };
		D15F43F963394C82B8BF19D1 /* Exo2.0-SemiBoldItalic.otf */ = {isa = PBXFileReference; name = "Exo2.0-SemiBoldItalic.otf"; path = "../assets/fonts/Exo2.0-SemiBoldItalic.otf"; sourceTree = "<group>"; fileEncoding = undefined; lastKnownFileType = unknown; explicitFileType = undefined; includeInIndex = 0; };
		747D0FBC86B94BE58DA7D320 /* Exo2.0-Thin.otf */ = {isa = PBXFileReference; name = "Exo2.0-Thin.otf"; path = "../assets/fonts/Exo2.0-Thin.otf"; sourceTree = "<group>"; fileEncoding = undefined; lastKnownFileType = unknown; explicitFileType = undefined; includeInIndex = 0; };
		3A8CEE0832BB47648BD6BA6B /* Exo2.0-ThinItalic.otf */ = {isa = PBXFileReference; name = "Exo2.0-ThinItalic.otf"; path = "../assets/fonts/Exo2.0-ThinItalic.otf"; sourceTree = "<group>"; fileEncoding = undefined; lastKnownFileType = unknown; explicitFileType = undefined; includeInIndex = 0; };
		3E3C7BEF15844A6187603BC7 /* Montserrat-Black.otf */ = {isa = PBXFileReference; name = "Montserrat-Black.otf"; path = "../assets/fonts/Montserrat-Black.otf"; sourceTree = "<group>"; fileEncoding = undefined; lastKnownFileType = unknown; explicitFileType = undefined; includeInIndex = 0; };
		0CCC7E4F954F47F791DD064A /* Montserrat-BlackItalic.otf */ = {isa = PBXFileReference; name = "Montserrat-BlackItalic.otf"; path = "../assets/fonts/Montserrat-BlackItalic.otf"; sourceTree = "<group>"; fileEncoding = undefined; lastKnownFileType = unknown; explicitFileType = undefined; includeInIndex = 0; };
		2CC2250E3F0448CB8B70937C /* Montserrat-Bold.otf */ = {isa = PBXFileReference; name = "Montserrat-Bold.otf"; path = "../assets/fonts/Montserrat-Bold.otf"; sourceTree = "<group>"; fileEncoding = undefined; lastKnownFileType = unknown; explicitFileType = undefined; includeInIndex = 0; };
		9AB3D3D2CF7D41C38B749BE7 /* Montserrat-BoldItalic.otf */ = {isa = PBXFileReference; name = "Montserrat-BoldItalic.otf"; path = "../assets/fonts/Montserrat-BoldItalic.otf"; sourceTree = "<group>"; fileEncoding = undefined; lastKnownFileType = unknown; explicitFileType = undefined; includeInIndex = 0; };
		E8261A18A36D4CC984ED4B79 /* Montserrat-ExtraBold.otf */ = {isa = PBXFileReference; name = "Montserrat-ExtraBold.otf"; path = "../assets/fonts/Montserrat-ExtraBold.otf"; sourceTree = "<group>"; fileEncoding = undefined; lastKnownFileType = unknown; explicitFileType = undefined; includeInIndex = 0; };
		4C9D4D70BBA9457CAB497DFC /* Montserrat-ExtraBoldItalic.otf */ = {isa = PBXFileReference; name = "Montserrat-ExtraBoldItalic.otf"; path = "../assets/fonts/Montserrat-ExtraBoldItalic.otf"; sourceTree = "<group>"; fileEncoding = undefined; lastKnownFileType = unknown; explicitFileType = undefined; includeInIndex = 0; };
		2B88E35F2671459F91290871 /* Montserrat-ExtraLight.otf */ = {isa = PBXFileReference; name = "Montserrat-ExtraLight.otf"; path = "../assets/fonts/Montserrat-ExtraLight.otf"; sourceTree = "<group>"; fileEncoding = undefined; lastKnownFileType = unknown; explicitFileType = undefined; includeInIndex = 0; };
		47DD8B981DF043B2BFF0F66B /* Montserrat-ExtraLightItalic.otf */ = {isa = PBXFileReference; name = "Montserrat-ExtraLightItalic.otf"; path = "../assets/fonts/Montserrat-ExtraLightItalic.otf"; sourceTree = "<group>"; fileEncoding = undefined; lastKnownFileType = unknown; explicitFileType = undefined; includeInIndex = 0; };
		CD26BAE22E0846799C94E264 /* Montserrat-Italic.otf */ = {isa = PBXFileReference; name = "Montserrat-Italic.otf"; path = "../assets/fonts/Montserrat-Italic.otf"; sourceTree = "<group>"; fileEncoding = undefined; lastKnownFileType = unknown; explicitFileType = undefined; includeInIndex = 0; };
		15D5535FA7F24414A35FC75C /* Montserrat-Light.otf */ = {isa = PBXFileReference; name = "Montserrat-Light.otf"; path = "../assets/fonts/Montserrat-Light.otf"; sourceTree = "<group>"; fileEncoding = undefined; lastKnownFileType = unknown; explicitFileType = undefined; includeInIndex = 0; };
		6D68EDD5569F47C7830068EB /* Montserrat-LightItalic.otf */ = {isa = PBXFileReference; name = "Montserrat-LightItalic.otf"; path = "../assets/fonts/Montserrat-LightItalic.otf"; sourceTree = "<group>"; fileEncoding = undefined; lastKnownFileType = unknown; explicitFileType = undefined; includeInIndex = 0; };
		672550ECAB8D4691BAA3A52C /* Montserrat-Medium.otf */ = {isa = PBXFileReference; name = "Montserrat-Medium.otf"; path = "../assets/fonts/Montserrat-Medium.otf"; sourceTree = "<group>"; fileEncoding = undefined; lastKnownFileType = unknown; explicitFileType = undefined; includeInIndex = 0; };
		D72AF5B017A6469BABD47CCA /* Montserrat-MediumItalic.otf */ = {isa = PBXFileReference; name = "Montserrat-MediumItalic.otf"; path = "../assets/fonts/Montserrat-MediumItalic.otf"; sourceTree = "<group>"; fileEncoding = undefined; lastKnownFileType = unknown; explicitFileType = undefined; includeInIndex = 0; };
		BD5BBF8945C24BA6B598D987 /* Montserrat-Regular.otf */ = {isa = PBXFileReference; name = "Montserrat-Regular.otf"; path = "../assets/fonts/Montserrat-Regular.otf"; sourceTree = "<group>"; fileEncoding = undefined; lastKnownFileType = unknown; explicitFileType = undefined; includeInIndex = 0; };
		04AB3C8AE30140E4A546D92A /* Montserrat-SemiBold.otf */ = {isa = PBXFileReference; name = "Montserrat-SemiBold.otf"; path = "../assets/fonts/Montserrat-SemiBold.otf"; sourceTree = "<group>"; fileEncoding = undefined; lastKnownFileType = unknown; explicitFileType = undefined; includeInIndex = 0; };
		5F490454C2BD4DC5A32D3681 /* Montserrat-SemiBoldItalic.otf */ = {isa = PBXFileReference; name = "Montserrat-SemiBoldItalic.otf"; path = "../assets/fonts/Montserrat-SemiBoldItalic.otf"; sourceTree = "<group>"; fileEncoding = undefined; lastKnownFileType = unknown; explicitFileType = undefined; includeInIndex = 0; };
		B4AB543E7F774F21A37B4516 /* Montserrat-Thin.otf */ = {isa = PBXFileReference; name = "Montserrat-Thin.otf"; path = "../assets/fonts/Montserrat-Thin.otf"; sourceTree = "<group>"; fileEncoding = undefined; lastKnownFileType = unknown; explicitFileType = undefined; includeInIndex = 0; };
		0C321F2740944E48BD637E51 /* Montserrat-ThinItalic.otf */ = {isa = PBXFileReference; name = "Montserrat-ThinItalic.otf"; path = "../assets/fonts/Montserrat-ThinItalic.otf"; sourceTree = "<group>"; fileEncoding = undefined; lastKnownFileType = unknown; explicitFileType = undefined; includeInIndex = 0; };
		6AB34C3617D745A5B63E4556 /* MontserratAlternates-Black.otf */ = {isa = PBXFileReference; name = "MontserratAlternates-Black.otf"; path = "../assets/fonts/MontserratAlternates-Black.otf"; sourceTree = "<group>"; fileEncoding = undefined; lastKnownFileType = unknown; explicitFileType = undefined; includeInIndex = 0; };
		55424EA7203744A391845811 /* MontserratAlternates-BlackItalic.otf */ = {isa = PBXFileReference; name = "MontserratAlternates-BlackItalic.otf"; path = "../assets/fonts/MontserratAlternates-BlackItalic.otf"; sourceTree = "<group>"; fileEncoding = undefined; lastKnownFileType = unknown; explicitFileType = undefined; includeInIndex = 0; };
		2568E73321D247AAB0E1B839 /* MontserratAlternates-Bold.otf */ = {isa = PBXFileReference; name = "MontserratAlternates-Bold.otf"; path = "../assets/fonts/MontserratAlternates-Bold.otf"; sourceTree = "<group>"; fileEncoding = undefined; lastKnownFileType = unknown; explicitFileType = undefined; includeInIndex = 0; };
		FE100A7C55F149E59916A263 /* MontserratAlternates-BoldItalic.otf */ = {isa = PBXFileReference; name = "MontserratAlternates-BoldItalic.otf"; path = "../assets/fonts/MontserratAlternates-BoldItalic.otf"; sourceTree = "<group>"; fileEncoding = undefined; lastKnownFileType = unknown; explicitFileType = undefined; includeInIndex = 0; };
		D72BD0623476425AB4AFF0C4 /* MontserratAlternates-ExtraBold.otf */ = {isa = PBXFileReference; name = "MontserratAlternates-ExtraBold.otf"; path = "../assets/fonts/MontserratAlternates-ExtraBold.otf"; sourceTree = "<group>"; fileEncoding = undefined; lastKnownFileType = unknown; explicitFileType = undefined; includeInIndex = 0; };
		FC67BCE644D946EF9E07B6CD /* MontserratAlternates-ExtraBoldItalic.otf */ = {isa = PBXFileReference; name = "MontserratAlternates-ExtraBoldItalic.otf"; path = "../assets/fonts/MontserratAlternates-ExtraBoldItalic.otf"; sourceTree = "<group>"; fileEncoding = undefined; lastKnownFileType = unknown; explicitFileType = undefined; includeInIndex = 0; };
		B974939ED2984E14B4E6461E /* MontserratAlternates-ExtraLight.otf */ = {isa = PBXFileReference; name = "MontserratAlternates-ExtraLight.otf"; path = "../assets/fonts/MontserratAlternates-ExtraLight.otf"; sourceTree = "<group>"; fileEncoding = undefined; lastKnownFileType = unknown; explicitFileType = undefined; includeInIndex = 0; };
		FFD9C3F6E496497EBA6AF866 /* MontserratAlternates-ExtraLightItalic.otf */ = {isa = PBXFileReference; name = "MontserratAlternates-ExtraLightItalic.otf"; path = "../assets/fonts/MontserratAlternates-ExtraLightItalic.otf"; sourceTree = "<group>"; fileEncoding = undefined; lastKnownFileType = unknown; explicitFileType = undefined; includeInIndex = 0; };
		328B1316925C412E9BE1C9DF /* MontserratAlternates-Italic.otf */ = {isa = PBXFileReference; name = "MontserratAlternates-Italic.otf"; path = "../assets/fonts/MontserratAlternates-Italic.otf"; sourceTree = "<group>"; fileEncoding = undefined; lastKnownFileType = unknown; explicitFileType = undefined; includeInIndex = 0; };
		7825C51EE96F482DA3F4DB4A /* MontserratAlternates-Light.otf */ = {isa = PBXFileReference; name = "MontserratAlternates-Light.otf"; path = "../assets/fonts/MontserratAlternates-Light.otf"; sourceTree = "<group>"; fileEncoding = undefined; lastKnownFileType = unknown; explicitFileType = undefined; includeInIndex = 0; };
		67C2D84B1C704362A56BB376 /* MontserratAlternates-LightItalic.otf */ = {isa = PBXFileReference; name = "MontserratAlternates-LightItalic.otf"; path = "../assets/fonts/MontserratAlternates-LightItalic.otf"; sourceTree = "<group>"; fileEncoding = undefined; lastKnownFileType = unknown; explicitFileType = undefined; includeInIndex = 0; };
		5D373386A1FB4E0390592354 /* MontserratAlternates-Medium.otf */ = {isa = PBXFileReference; name = "MontserratAlternates-Medium.otf"; path = "../assets/fonts/MontserratAlternates-Medium.otf"; sourceTree = "<group>"; fileEncoding = undefined; lastKnownFileType = unknown; explicitFileType = undefined; includeInIndex = 0; };
		7489D3D967844253BE731397 /* MontserratAlternates-MediumItalic.otf */ = {isa = PBXFileReference; name = "MontserratAlternates-MediumItalic.otf"; path = "../assets/fonts/MontserratAlternates-MediumItalic.otf"; sourceTree = "<group>"; fileEncoding = undefined; lastKnownFileType = unknown; explicitFileType = undefined; includeInIndex = 0; };
		533562B28CA04E16B4B27A87 /* MontserratAlternates-Regular.otf */ = {isa = PBXFileReference; name = "MontserratAlternates-Regular.otf"; path = "../assets/fonts/MontserratAlternates-Regular.otf"; sourceTree = "<group>"; fileEncoding = undefined; lastKnownFileType = unknown; explicitFileType = undefined; includeInIndex = 0; };
		A007AED73974467C8F981F94 /* MontserratAlternates-SemiBold.otf */ = {isa = PBXFileReference; name = "MontserratAlternates-SemiBold.otf"; path = "../assets/fonts/MontserratAlternates-SemiBold.otf"; sourceTree = "<group>"; fileEncoding = undefined; lastKnownFileType = unknown; explicitFileType = undefined; includeInIndex = 0; };
		9D8400C3BB094326A7F61EB8 /* MontserratAlternates-SemiBoldItalic.otf */ = {isa = PBXFileReference; name = "MontserratAlternates-SemiBoldItalic.otf"; path = "../assets/fonts/MontserratAlternates-SemiBoldItalic.otf"; sourceTree = "<group>"; fileEncoding = undefined; lastKnownFileType = unknown; explicitFileType = undefined; includeInIndex = 0; };
		881DB3B8069F40EB8D0B51F6 /* MontserratAlternates-Thin.otf */ = {isa = PBXFileReference; name = "MontserratAlternates-Thin.otf"; path = "../assets/fonts/MontserratAlternates-Thin.otf"; sourceTree = "<group>"; fileEncoding = undefined; lastKnownFileType = unknown; explicitFileType = undefined; includeInIndex = 0; };
		F7B709330586497EB7BEADE7 /* MontserratAlternates-ThinItalic.otf */ = {isa = PBXFileReference; name = "MontserratAlternates-ThinItalic.otf"; path = "../assets/fonts/MontserratAlternates-ThinItalic.otf"; sourceTree = "<group>"; fileEncoding = undefined; lastKnownFileType = unknown; explicitFileType = undefined; includeInIndex = 0; };
		169840F3430741C78C8C6835 /* montserrat-medium.ttf */ = {isa = PBXFileReference; name = "montserrat-medium.ttf"; path = "../assets/fonts/montserrat-medium.ttf"; sourceTree = "<group>"; fileEncoding = undefined; lastKnownFileType = unknown; explicitFileType = undefined; includeInIndex = 0; };
		9B71B0E663BF4ABF828464D5 /* montserrat-regular.ttf */ = {isa = PBXFileReference; name = "montserrat-regular.ttf"; path = "../assets/fonts/montserrat-regular.ttf"; sourceTree = "<group>"; fileEncoding = undefined; lastKnownFileType = unknown; explicitFileType = undefined; includeInIndex = 0; };
		803FA03E81AC45E3BD3AB53C /* montserrat-thin.ttf */ = {isa = PBXFileReference; name = "montserrat-thin.ttf"; path = "../assets/fonts/montserrat-thin.ttf"; sourceTree = "<group>"; fileEncoding = undefined; lastKnownFileType = unknown; explicitFileType = undefined; includeInIndex = 0; };
		CF4623AEEDBE420688A2C850 /* montserrat.ttf */ = {isa = PBXFileReference; name = "montserrat.ttf"; path = "../assets/fonts/montserrat.ttf"; sourceTree = "<group>"; fileEncoding = undefined; lastKnownFileType = unknown; explicitFileType = undefined; includeInIndex = 0; };
		AC94B61ACE404D86B9E96E56 /* Roboto-Black.ttf */ = {isa = PBXFileReference; name = "Roboto-Black.ttf"; path = "../assets/fonts/Roboto-Black.ttf"; sourceTree = "<group>"; fileEncoding = undefined; lastKnownFileType = unknown; explicitFileType = undefined; includeInIndex = 0; };
		A56A9041AD8C4E17A682B21D /* Roboto-BlackItalic.ttf */ = {isa = PBXFileReference; name = "Roboto-BlackItalic.ttf"; path = "../assets/fonts/Roboto-BlackItalic.ttf"; sourceTree = "<group>"; fileEncoding = undefined; lastKnownFileType = unknown; explicitFileType = undefined; includeInIndex = 0; };
		4420C01221CF473C91E555AD /* Roboto-Bold.ttf */ = {isa = PBXFileReference; name = "Roboto-Bold.ttf"; path = "../assets/fonts/Roboto-Bold.ttf"; sourceTree = "<group>"; fileEncoding = undefined; lastKnownFileType = unknown; explicitFileType = undefined; includeInIndex = 0; };
		8FD2B7324814448BAB713D19 /* Roboto-BoldCondensed.ttf */ = {isa = PBXFileReference; name = "Roboto-BoldCondensed.ttf"; path = "../assets/fonts/Roboto-BoldCondensed.ttf"; sourceTree = "<group>"; fileEncoding = undefined; lastKnownFileType = unknown; explicitFileType = undefined; includeInIndex = 0; };
		0EA624EE29B143C9BA00DAEF /* Roboto-BoldCondensedItalic.ttf */ = {isa = PBXFileReference; name = "Roboto-BoldCondensedItalic.ttf"; path = "../assets/fonts/Roboto-BoldCondensedItalic.ttf"; sourceTree = "<group>"; fileEncoding = undefined; lastKnownFileType = unknown; explicitFileType = undefined; includeInIndex = 0; };
		43F8CDC93A354860912FA0BF /* Roboto-BoldItalic.ttf */ = {isa = PBXFileReference; name = "Roboto-BoldItalic.ttf"; path = "../assets/fonts/Roboto-BoldItalic.ttf"; sourceTree = "<group>"; fileEncoding = undefined; lastKnownFileType = unknown; explicitFileType = undefined; includeInIndex = 0; };
		0662CB03F4A14AB3B02BABDF /* Roboto-Condensed.ttf */ = {isa = PBXFileReference; name = "Roboto-Condensed.ttf"; path = "../assets/fonts/Roboto-Condensed.ttf"; sourceTree = "<group>"; fileEncoding = undefined; lastKnownFileType = unknown; explicitFileType = undefined; includeInIndex = 0; };
		256A10AA3A1346B6BDE7D7B2 /* Roboto-CondensedItalic.ttf */ = {isa = PBXFileReference; name = "Roboto-CondensedItalic.ttf"; path = "../assets/fonts/Roboto-CondensedItalic.ttf"; sourceTree = "<group>"; fileEncoding = undefined; lastKnownFileType = unknown; explicitFileType = undefined; includeInIndex = 0; };
		BDCC8D25BDEA4B9AAA3BF4F1 /* Roboto-Italic.ttf */ = {isa = PBXFileReference; name = "Roboto-Italic.ttf"; path = "../assets/fonts/Roboto-Italic.ttf"; sourceTree = "<group>"; fileEncoding = undefined; lastKnownFileType = unknown; explicitFileType = undefined; includeInIndex = 0; };
		986C121F55C64B2BACFBF73F /* Roboto-Light.ttf */ = {isa = PBXFileReference; name = "Roboto-Light.ttf"; path = "../assets/fonts/Roboto-Light.ttf"; sourceTree = "<group>"; fileEncoding = undefined; lastKnownFileType = unknown; explicitFileType = undefined; includeInIndex = 0; };
		5948EF676E0240059DE88529 /* Roboto-LightItalic.ttf */ = {isa = PBXFileReference; name = "Roboto-LightItalic.ttf"; path = "../assets/fonts/Roboto-LightItalic.ttf"; sourceTree = "<group>"; fileEncoding = undefined; lastKnownFileType = unknown; explicitFileType = undefined; includeInIndex = 0; };
		8D6B6E5FDAAF4533AA4A7CE3 /* Roboto-Medium.ttf */ = {isa = PBXFileReference; name = "Roboto-Medium.ttf"; path = "../assets/fonts/Roboto-Medium.ttf"; sourceTree = "<group>"; fileEncoding = undefined; lastKnownFileType = unknown; explicitFileType = undefined; includeInIndex = 0; };
		0981440818B04479B3F1A0A1 /* Roboto-MediumItalic.ttf */ = {isa = PBXFileReference; name = "Roboto-MediumItalic.ttf"; path = "../assets/fonts/Roboto-MediumItalic.ttf"; sourceTree = "<group>"; fileEncoding = undefined; lastKnownFileType = unknown; explicitFileType = undefined; includeInIndex = 0; };
		023006DC0C3D47E2B7D638AE /* Roboto-Regular.ttf */ = {isa = PBXFileReference; name = "Roboto-Regular.ttf"; path = "../assets/fonts/Roboto-Regular.ttf"; sourceTree = "<group>"; fileEncoding = undefined; lastKnownFileType = unknown; explicitFileType = undefined; includeInIndex = 0; };
		4EFB36A1741B429EA6861D2D /* Roboto-Thin.ttf */ = {isa = PBXFileReference; name = "Roboto-Thin.ttf"; path = "../assets/fonts/Roboto-Thin.ttf"; sourceTree = "<group>"; fileEncoding = undefined; lastKnownFileType = unknown; explicitFileType = undefined; includeInIndex = 0; };
		3666B3C557224CB09E000E2F /* Roboto-ThinItalic.ttf */ = {isa = PBXFileReference; name = "Roboto-ThinItalic.ttf"; path = "../assets/fonts/Roboto-ThinItalic.ttf"; sourceTree = "<group>"; fileEncoding = undefined; lastKnownFileType = unknown; explicitFileType = undefined; includeInIndex = 0; };
		CBC2DF43090340DF9A19769F /* AntDesign.ttf */ = {isa = PBXFileReference; name = "AntDesign.ttf"; path = "../node_modules/react-native-vector-icons/Fonts/AntDesign.ttf"; sourceTree = "<group>"; fileEncoding = undefined; lastKnownFileType = unknown; explicitFileType = undefined; includeInIndex = 0; };
		64697D7D5B644271A9DE08F8 /* Entypo.ttf */ = {isa = PBXFileReference; name = "Entypo.ttf"; path = "../node_modules/react-native-vector-icons/Fonts/Entypo.ttf"; sourceTree = "<group>"; fileEncoding = undefined; lastKnownFileType = unknown; explicitFileType = undefined; includeInIndex = 0; };
		C312720E17514D3BA2F68EC4 /* EvilIcons.ttf */ = {isa = PBXFileReference; name = "EvilIcons.ttf"; path = "../node_modules/react-native-vector-icons/Fonts/EvilIcons.ttf"; sourceTree = "<group>"; fileEncoding = undefined; lastKnownFileType = unknown; explicitFileType = undefined; includeInIndex = 0; };
		D71580A4390F45DBADEC9217 /* Feather.ttf */ = {isa = PBXFileReference; name = "Feather.ttf"; path = "../node_modules/react-native-vector-icons/Fonts/Feather.ttf"; sourceTree = "<group>"; fileEncoding = undefined; lastKnownFileType = unknown; explicitFileType = undefined; includeInIndex = 0; };
		D984BDF1ED6B4D8D85C836A4 /* FontAwesome.ttf */ = {isa = PBXFileReference; name = "FontAwesome.ttf"; path = "../node_modules/react-native-vector-icons/Fonts/FontAwesome.ttf"; sourceTree = "<group>"; fileEncoding = undefined; lastKnownFileType = unknown; explicitFileType = undefined; includeInIndex = 0; };
		8BD84AFF498F4D758353E9C2 /* FontAwesome5_Brands.ttf */ = {isa = PBXFileReference; name = "FontAwesome5_Brands.ttf"; path = "../node_modules/react-native-vector-icons/Fonts/FontAwesome5_Brands.ttf"; sourceTree = "<group>"; fileEncoding = undefined; lastKnownFileType = unknown; explicitFileType = undefined; includeInIndex = 0; };
		705719DBF2E54330AA70CFC2 /* FontAwesome5_Regular.ttf */ = {isa = PBXFileReference; name = "FontAwesome5_Regular.ttf"; path = "../node_modules/react-native-vector-icons/Fonts/FontAwesome5_Regular.ttf"; sourceTree = "<group>"; fileEncoding = undefined; lastKnownFileType = unknown; explicitFileType = undefined; includeInIndex = 0; };
		5428171D283D4D8A9DC5AA54 /* FontAwesome5_Solid.ttf */ = {isa = PBXFileReference; name = "FontAwesome5_Solid.ttf"; path = "../node_modules/react-native-vector-icons/Fonts/FontAwesome5_Solid.ttf"; sourceTree = "<group>"; fileEncoding = undefined; lastKnownFileType = unknown; explicitFileType = undefined; includeInIndex = 0; };
		B11AC1E63C2D4ABE9B2EBD3F /* Fontisto.ttf */ = {isa = PBXFileReference; name = "Fontisto.ttf"; path = "../node_modules/react-native-vector-icons/Fonts/Fontisto.ttf"; sourceTree = "<group>"; fileEncoding = undefined; lastKnownFileType = unknown; explicitFileType = undefined; includeInIndex = 0; };
		50728D5A852C489A9850DC44 /* Foundation.ttf */ = {isa = PBXFileReference; name = "Foundation.ttf"; path = "../node_modules/react-native-vector-icons/Fonts/Foundation.ttf"; sourceTree = "<group>"; fileEncoding = undefined; lastKnownFileType = unknown; explicitFileType = undefined; includeInIndex = 0; };
		4E218BF35FC242039CBCE0DB /* Ionicons.ttf */ = {isa = PBXFileReference; name = "Ionicons.ttf"; path = "../node_modules/react-native-vector-icons/Fonts/Ionicons.ttf"; sourceTree = "<group>"; fileEncoding = undefined; lastKnownFileType = unknown; explicitFileType = undefined; includeInIndex = 0; };
		471E0E25C7E645029449905F /* MaterialCommunityIcons.ttf */ = {isa = PBXFileReference; name = "MaterialCommunityIcons.ttf"; path = "../node_modules/react-native-vector-icons/Fonts/MaterialCommunityIcons.ttf"; sourceTree = "<group>"; fileEncoding = undefined; lastKnownFileType = unknown; explicitFileType = undefined; includeInIndex = 0; };
		A53FE8E202CE4DB58DEA57B5 /* MaterialIcons.ttf */ = {isa = PBXFileReference; name = "MaterialIcons.ttf"; path = "../node_modules/react-native-vector-icons/Fonts/MaterialIcons.ttf"; sourceTree = "<group>"; fileEncoding = undefined; lastKnownFileType = unknown; explicitFileType = undefined; includeInIndex = 0; };
		88BAA7D972F54FC9948E5233 /* Octicons.ttf */ = {isa = PBXFileReference; name = "Octicons.ttf"; path = "../node_modules/react-native-vector-icons/Fonts/Octicons.ttf"; sourceTree = "<group>"; fileEncoding = undefined; lastKnownFileType = unknown; explicitFileType = undefined; includeInIndex = 0; };
		E4133EEB839748498955F0DA /* SimpleLineIcons.ttf */ = {isa = PBXFileReference; name = "SimpleLineIcons.ttf"; path = "../node_modules/react-native-vector-icons/Fonts/SimpleLineIcons.ttf"; sourceTree = "<group>"; fileEncoding = undefined; lastKnownFileType = unknown; explicitFileType = undefined; includeInIndex = 0; };
		FD473907839F48DDA149AD8A /* Zocial.ttf */ = {isa = PBXFileReference; name = "Zocial.ttf"; path = "../node_modules/react-native-vector-icons/Fonts/Zocial.ttf"; sourceTree = "<group>"; fileEncoding = undefined; lastKnownFileType = unknown; explicitFileType = undefined; includeInIndex = 0; };
		E2B853D934494999ACC1840B /* Montserrat-Black.ttf */ = {isa = PBXFileReference; name = "Montserrat-Black.ttf"; path = "../assets/fonts/Montserrat-Black.ttf"; sourceTree = "<group>"; fileEncoding = undefined; lastKnownFileType = unknown; explicitFileType = undefined; includeInIndex = 0; };
		CF8789426DB64BD3B9F5FFDE /* Montserrat-BlackItalic.ttf */ = {isa = PBXFileReference; name = "Montserrat-BlackItalic.ttf"; path = "../assets/fonts/Montserrat-BlackItalic.ttf"; sourceTree = "<group>"; fileEncoding = undefined; lastKnownFileType = unknown; explicitFileType = undefined; includeInIndex = 0; };
		1AA28A283FAD4682B8A01AC3 /* Montserrat-Bold.ttf */ = {isa = PBXFileReference; name = "Montserrat-Bold.ttf"; path = "../assets/fonts/Montserrat-Bold.ttf"; sourceTree = "<group>"; fileEncoding = undefined; lastKnownFileType = unknown; explicitFileType = undefined; includeInIndex = 0; };
		5812A9ABAF11437BB40DBAD1 /* Montserrat-BoldItalic.ttf */ = {isa = PBXFileReference; name = "Montserrat-BoldItalic.ttf"; path = "../assets/fonts/Montserrat-BoldItalic.ttf"; sourceTree = "<group>"; fileEncoding = undefined; lastKnownFileType = unknown; explicitFileType = undefined; includeInIndex = 0; };
		19FC56CD4AF644B1A3C46939 /* Montserrat-ExtraBold.ttf */ = {isa = PBXFileReference; name = "Montserrat-ExtraBold.ttf"; path = "../assets/fonts/Montserrat-ExtraBold.ttf"; sourceTree = "<group>"; fileEncoding = undefined; lastKnownFileType = unknown; explicitFileType = undefined; includeInIndex = 0; };
		19C7CCE7BF4549EA92D7367F /* Montserrat-ExtraBoldItalic.ttf */ = {isa = PBXFileReference; name = "Montserrat-ExtraBoldItalic.ttf"; path = "../assets/fonts/Montserrat-ExtraBoldItalic.ttf"; sourceTree = "<group>"; fileEncoding = undefined; lastKnownFileType = unknown; explicitFileType = undefined; includeInIndex = 0; };
		FE529B47729A4882AC8F82A4 /* Montserrat-ExtraLight.ttf */ = {isa = PBXFileReference; name = "Montserrat-ExtraLight.ttf"; path = "../assets/fonts/Montserrat-ExtraLight.ttf"; sourceTree = "<group>"; fileEncoding = undefined; lastKnownFileType = unknown; explicitFileType = undefined; includeInIndex = 0; };
		9138FF96D32E4631BFACFB61 /* Montserrat-ExtraLightItalic.ttf */ = {isa = PBXFileReference; name = "Montserrat-ExtraLightItalic.ttf"; path = "../assets/fonts/Montserrat-ExtraLightItalic.ttf"; sourceTree = "<group>"; fileEncoding = undefined; lastKnownFileType = unknown; explicitFileType = undefined; includeInIndex = 0; };
		6F3CDA89C0A7483A925C5148 /* Montserrat-Italic.ttf */ = {isa = PBXFileReference; name = "Montserrat-Italic.ttf"; path = "../assets/fonts/Montserrat-Italic.ttf"; sourceTree = "<group>"; fileEncoding = undefined; lastKnownFileType = unknown; explicitFileType = undefined; includeInIndex = 0; };
		63B51713ECAD4CA6A2AEF1B4 /* Montserrat-Light.ttf */ = {isa = PBXFileReference; name = "Montserrat-Light.ttf"; path = "../assets/fonts/Montserrat-Light.ttf"; sourceTree = "<group>"; fileEncoding = undefined; lastKnownFileType = unknown; explicitFileType = undefined; includeInIndex = 0; };
		2DE6555E166F49C591313F64 /* Montserrat-LightItalic.ttf */ = {isa = PBXFileReference; name = "Montserrat-LightItalic.ttf"; path = "../assets/fonts/Montserrat-LightItalic.ttf"; sourceTree = "<group>"; fileEncoding = undefined; lastKnownFileType = unknown; explicitFileType = undefined; includeInIndex = 0; };
		69D6C048D73F496985250E52 /* Montserrat-Medium.ttf */ = {isa = PBXFileReference; name = "Montserrat-Medium.ttf"; path = "../assets/fonts/Montserrat-Medium.ttf"; sourceTree = "<group>"; fileEncoding = undefined; lastKnownFileType = unknown; explicitFileType = undefined; includeInIndex = 0; };
		AAB6E49DA088427FBEB2C42C /* Montserrat-MediumItalic.ttf */ = {isa = PBXFileReference; name = "Montserrat-MediumItalic.ttf"; path = "../assets/fonts/Montserrat-MediumItalic.ttf"; sourceTree = "<group>"; fileEncoding = undefined; lastKnownFileType = unknown; explicitFileType = undefined; includeInIndex = 0; };
		8DF2CB968A7945BC901D03F0 /* Montserrat-Regular.ttf */ = {isa = PBXFileReference; name = "Montserrat-Regular.ttf"; path = "../assets/fonts/Montserrat-Regular.ttf"; sourceTree = "<group>"; fileEncoding = undefined; lastKnownFileType = unknown; explicitFileType = undefined; includeInIndex = 0; };
		A1ECD623BB4D472FA715314A /* Montserrat-SemiBold.ttf */ = {isa = PBXFileReference; name = "Montserrat-SemiBold.ttf"; path = "../assets/fonts/Montserrat-SemiBold.ttf"; sourceTree = "<group>"; fileEncoding = undefined; lastKnownFileType = unknown; explicitFileType = undefined; includeInIndex = 0; };
		AB128358AA4749948B245690 /* Montserrat-SemiBoldItalic.ttf */ = {isa = PBXFileReference; name = "Montserrat-SemiBoldItalic.ttf"; path = "../assets/fonts/Montserrat-SemiBoldItalic.ttf"; sourceTree = "<group>"; fileEncoding = undefined; lastKnownFileType = unknown; explicitFileType = undefined; includeInIndex = 0; };
		26DC80871B6C4584B04C39DA /* Montserrat-Thin.ttf */ = {isa = PBXFileReference; name = "Montserrat-Thin.ttf"; path = "../assets/fonts/Montserrat-Thin.ttf"; sourceTree = "<group>"; fileEncoding = undefined; lastKnownFileType = unknown; explicitFileType = undefined; includeInIndex = 0; };
		2402FD28DE2B472ABDF4213F /* Montserrat-ThinItalic.ttf */ = {isa = PBXFileReference; name = "Montserrat-ThinItalic.ttf"; path = "../assets/fonts/Montserrat-ThinItalic.ttf"; sourceTree = "<group>"; fileEncoding = undefined; lastKnownFileType = unknown; explicitFileType = undefined; includeInIndex = 0; };
/* End PBXFileReference section */

/* Begin PBXFrameworksBuildPhase section */
		00E356EB1AD99517003FC87E /* Frameworks */ = {
			isa = PBXFrameworksBuildPhase;
			buildActionMask = 2147483647;
			files = (
			);
			runOnlyForDeploymentPostprocessing = 0;
		};
		13B07F8C1A680F5B00A75B9A /* Frameworks */ = {
			isa = PBXFrameworksBuildPhase;
			buildActionMask = 2147483647;
			files = (
			);
			runOnlyForDeploymentPostprocessing = 0;
		};
		2D02E4781E0B4A5D006451C7 /* Frameworks */ = {
			isa = PBXFrameworksBuildPhase;
			buildActionMask = 2147483647;
			files = (
			);
			runOnlyForDeploymentPostprocessing = 0;
		};
		2D02E48D1E0B4A5D006451C7 /* Frameworks */ = {
			isa = PBXFrameworksBuildPhase;
			buildActionMask = 2147483647;
			files = (
			);
			runOnlyForDeploymentPostprocessing = 0;
		};
/* End PBXFrameworksBuildPhase section */

/* Begin PBXGroup section */
		00E356EF1AD99517003FC87E /* RNLayoutsTests */ = {
			isa = PBXGroup;
			children = (
				00E356F21AD99517003FC87E /* RNLayoutsTests.m */,
				00E356F01AD99517003FC87E /* Supporting Files */,
			);
			path = RNLayoutsTests;
			sourceTree = "<group>";
		};
		00E356F01AD99517003FC87E /* Supporting Files */ = {
			isa = PBXGroup;
			children = (
				00E356F11AD99517003FC87E /* Info.plist */,
			);
			name = "Supporting Files";
			sourceTree = "<group>";
		};
		13B07FAE1A68108700A75B9A /* RNLayouts */ = {
			isa = PBXGroup;
			children = (
				008F07F21AC5B25A0029DE68 /* main.jsbundle */,
				13B07FAF1A68108700A75B9A /* AppDelegate.h */,
				13B07FB01A68108700A75B9A /* AppDelegate.m */,
				13B07FB51A68108700A75B9A /* Images.xcassets */,
				13B07FB61A68108700A75B9A /* Info.plist */,
				13B07FB11A68108700A75B9A /* LaunchScreen.xib */,
				13B07FB71A68108700A75B9A /* main.m */,
			);
			name = RNLayouts;
			sourceTree = "<group>";
		};
		2D16E6871FA4F8E400B85C8A /* Frameworks */ = {
			isa = PBXGroup;
			children = (
				ED297162215061F000B7C4FE /* JavaScriptCore.framework */,
				ED2971642150620600B7C4FE /* JavaScriptCore.framework */,
			);
			name = Frameworks;
			sourceTree = "<group>";
		};
		832341AE1AAA6A7D00B99B32 /* Libraries */ = {
			isa = PBXGroup;
			children = (
			);
			name = Libraries;
			sourceTree = "<group>";
		};
		83CBB9F61A601CBA00E9B192 = {
			isa = PBXGroup;
			children = (
				13B07FAE1A68108700A75B9A /* RNLayouts */,
				832341AE1AAA6A7D00B99B32 /* Libraries */,
				00E356EF1AD99517003FC87E /* RNLayoutsTests */,
				83CBBA001A601CBA00E9B192 /* Products */,
				2D16E6871FA4F8E400B85C8A /* Frameworks */,
				4C25D75C8C61462B99A95A22 /* Resources */,
			);
			indentWidth = 2;
			sourceTree = "<group>";
			tabWidth = 2;
			usesTabs = 0;
		};
		83CBBA001A601CBA00E9B192 /* Products */ = {
			isa = PBXGroup;
			children = (
				13B07F961A680F5B00A75B9A /* RNLayouts.app */,
				00E356EE1AD99517003FC87E /* RNLayoutsTests.xctest */,
				2D02E47B1E0B4A5D006451C7 /* RNLayouts-tvOS.app */,
				2D02E4901E0B4A5D006451C7 /* RNLayouts-tvOSTests.xctest */,
			);
			name = Products;
			sourceTree = "<group>";
		};
		4C25D75C8C61462B99A95A22 /* Resources */ = {
			isa = "PBXGroup";
			children = (
				8772642B066D40928D695FE0 /* Exo2.0-Black.otf */,
				9A77C32D612D4C599E3E249C /* Exo2.0-BlackItalic.otf */,
				0786EDBDB23B4773A51C82A7 /* Exo2.0-Bold.otf */,
				4DF0D4F0D5944C46A17E6EC0 /* Exo2.0-BoldItalic.otf */,
				D0C45888C0BF47AF913F2436 /* Exo2.0-ExtraBold.otf */,
				1439F0A26A5441069C75A5EF /* Exo2.0-ExtraBoldItalic.otf */,
				6E015C6F575240AEA1DCB2D2 /* Exo2.0-ExtraLight.otf */,
				1B09D2C4441A4F22ACBEC240 /* Exo2.0-ExtraLightItalic.otf */,
				D65072B0139B49C6B5F5C90B /* Exo2.0-Italic.otf */,
				CED4CE847F7C491892946D54 /* Exo2.0-Light.otf */,
				1DF39763B3A04F08A0927BBA /* Exo2.0-LightItalic.otf */,
				1E8DF160A08F41A09051A03B /* Exo2.0-Medium.otf */,
				D10EEAE5AEB445A3A745DC1F /* Exo2.0-MediumItalic.otf */,
				9D80E3570476463184C9D57D /* Exo2.0-Regular.otf */,
				6139043C83D74AFFB39CA346 /* Exo2.0-SemiBold.otf */,
				D15F43F963394C82B8BF19D1 /* Exo2.0-SemiBoldItalic.otf */,
				747D0FBC86B94BE58DA7D320 /* Exo2.0-Thin.otf */,
				3A8CEE0832BB47648BD6BA6B /* Exo2.0-ThinItalic.otf */,
				3E3C7BEF15844A6187603BC7 /* Montserrat-Black.otf */,
				0CCC7E4F954F47F791DD064A /* Montserrat-BlackItalic.otf */,
				2CC2250E3F0448CB8B70937C /* Montserrat-Bold.otf */,
				9AB3D3D2CF7D41C38B749BE7 /* Montserrat-BoldItalic.otf */,
				E8261A18A36D4CC984ED4B79 /* Montserrat-ExtraBold.otf */,
				4C9D4D70BBA9457CAB497DFC /* Montserrat-ExtraBoldItalic.otf */,
				2B88E35F2671459F91290871 /* Montserrat-ExtraLight.otf */,
				47DD8B981DF043B2BFF0F66B /* Montserrat-ExtraLightItalic.otf */,
				CD26BAE22E0846799C94E264 /* Montserrat-Italic.otf */,
				15D5535FA7F24414A35FC75C /* Montserrat-Light.otf */,
				6D68EDD5569F47C7830068EB /* Montserrat-LightItalic.otf */,
				672550ECAB8D4691BAA3A52C /* Montserrat-Medium.otf */,
				D72AF5B017A6469BABD47CCA /* Montserrat-MediumItalic.otf */,
				BD5BBF8945C24BA6B598D987 /* Montserrat-Regular.otf */,
				04AB3C8AE30140E4A546D92A /* Montserrat-SemiBold.otf */,
				5F490454C2BD4DC5A32D3681 /* Montserrat-SemiBoldItalic.otf */,
				B4AB543E7F774F21A37B4516 /* Montserrat-Thin.otf */,
				0C321F2740944E48BD637E51 /* Montserrat-ThinItalic.otf */,
				6AB34C3617D745A5B63E4556 /* MontserratAlternates-Black.otf */,
				55424EA7203744A391845811 /* MontserratAlternates-BlackItalic.otf */,
				2568E73321D247AAB0E1B839 /* MontserratAlternates-Bold.otf */,
				FE100A7C55F149E59916A263 /* MontserratAlternates-BoldItalic.otf */,
				D72BD0623476425AB4AFF0C4 /* MontserratAlternates-ExtraBold.otf */,
				FC67BCE644D946EF9E07B6CD /* MontserratAlternates-ExtraBoldItalic.otf */,
				B974939ED2984E14B4E6461E /* MontserratAlternates-ExtraLight.otf */,
				FFD9C3F6E496497EBA6AF866 /* MontserratAlternates-ExtraLightItalic.otf */,
				328B1316925C412E9BE1C9DF /* MontserratAlternates-Italic.otf */,
				7825C51EE96F482DA3F4DB4A /* MontserratAlternates-Light.otf */,
				67C2D84B1C704362A56BB376 /* MontserratAlternates-LightItalic.otf */,
				5D373386A1FB4E0390592354 /* MontserratAlternates-Medium.otf */,
				7489D3D967844253BE731397 /* MontserratAlternates-MediumItalic.otf */,
				533562B28CA04E16B4B27A87 /* MontserratAlternates-Regular.otf */,
				A007AED73974467C8F981F94 /* MontserratAlternates-SemiBold.otf */,
				9D8400C3BB094326A7F61EB8 /* MontserratAlternates-SemiBoldItalic.otf */,
				881DB3B8069F40EB8D0B51F6 /* MontserratAlternates-Thin.otf */,
				F7B709330586497EB7BEADE7 /* MontserratAlternates-ThinItalic.otf */,
				169840F3430741C78C8C6835 /* montserrat-medium.ttf */,
				9B71B0E663BF4ABF828464D5 /* montserrat-regular.ttf */,
				803FA03E81AC45E3BD3AB53C /* montserrat-thin.ttf */,
				CF4623AEEDBE420688A2C850 /* montserrat.ttf */,
				AC94B61ACE404D86B9E96E56 /* Roboto-Black.ttf */,
				A56A9041AD8C4E17A682B21D /* Roboto-BlackItalic.ttf */,
				4420C01221CF473C91E555AD /* Roboto-Bold.ttf */,
				8FD2B7324814448BAB713D19 /* Roboto-BoldCondensed.ttf */,
				0EA624EE29B143C9BA00DAEF /* Roboto-BoldCondensedItalic.ttf */,
				43F8CDC93A354860912FA0BF /* Roboto-BoldItalic.ttf */,
				0662CB03F4A14AB3B02BABDF /* Roboto-Condensed.ttf */,
				256A10AA3A1346B6BDE7D7B2 /* Roboto-CondensedItalic.ttf */,
				BDCC8D25BDEA4B9AAA3BF4F1 /* Roboto-Italic.ttf */,
				986C121F55C64B2BACFBF73F /* Roboto-Light.ttf */,
				5948EF676E0240059DE88529 /* Roboto-LightItalic.ttf */,
				8D6B6E5FDAAF4533AA4A7CE3 /* Roboto-Medium.ttf */,
				0981440818B04479B3F1A0A1 /* Roboto-MediumItalic.ttf */,
				023006DC0C3D47E2B7D638AE /* Roboto-Regular.ttf */,
				4EFB36A1741B429EA6861D2D /* Roboto-Thin.ttf */,
				3666B3C557224CB09E000E2F /* Roboto-ThinItalic.ttf */,
				CBC2DF43090340DF9A19769F /* AntDesign.ttf */,
				64697D7D5B644271A9DE08F8 /* Entypo.ttf */,
				C312720E17514D3BA2F68EC4 /* EvilIcons.ttf */,
				D71580A4390F45DBADEC9217 /* Feather.ttf */,
				D984BDF1ED6B4D8D85C836A4 /* FontAwesome.ttf */,
				8BD84AFF498F4D758353E9C2 /* FontAwesome5_Brands.ttf */,
				705719DBF2E54330AA70CFC2 /* FontAwesome5_Regular.ttf */,
				5428171D283D4D8A9DC5AA54 /* FontAwesome5_Solid.ttf */,
				B11AC1E63C2D4ABE9B2EBD3F /* Fontisto.ttf */,
				50728D5A852C489A9850DC44 /* Foundation.ttf */,
				4E218BF35FC242039CBCE0DB /* Ionicons.ttf */,
				471E0E25C7E645029449905F /* MaterialCommunityIcons.ttf */,
				A53FE8E202CE4DB58DEA57B5 /* MaterialIcons.ttf */,
				88BAA7D972F54FC9948E5233 /* Octicons.ttf */,
				E4133EEB839748498955F0DA /* SimpleLineIcons.ttf */,
				FD473907839F48DDA149AD8A /* Zocial.ttf */,
				E2B853D934494999ACC1840B /* Montserrat-Black.ttf */,
				CF8789426DB64BD3B9F5FFDE /* Montserrat-BlackItalic.ttf */,
				1AA28A283FAD4682B8A01AC3 /* Montserrat-Bold.ttf */,
				5812A9ABAF11437BB40DBAD1 /* Montserrat-BoldItalic.ttf */,
				19FC56CD4AF644B1A3C46939 /* Montserrat-ExtraBold.ttf */,
				19C7CCE7BF4549EA92D7367F /* Montserrat-ExtraBoldItalic.ttf */,
				FE529B47729A4882AC8F82A4 /* Montserrat-ExtraLight.ttf */,
				9138FF96D32E4631BFACFB61 /* Montserrat-ExtraLightItalic.ttf */,
				6F3CDA89C0A7483A925C5148 /* Montserrat-Italic.ttf */,
				63B51713ECAD4CA6A2AEF1B4 /* Montserrat-Light.ttf */,
				2DE6555E166F49C591313F64 /* Montserrat-LightItalic.ttf */,
				69D6C048D73F496985250E52 /* Montserrat-Medium.ttf */,
				AAB6E49DA088427FBEB2C42C /* Montserrat-MediumItalic.ttf */,
				8DF2CB968A7945BC901D03F0 /* Montserrat-Regular.ttf */,
				A1ECD623BB4D472FA715314A /* Montserrat-SemiBold.ttf */,
				AB128358AA4749948B245690 /* Montserrat-SemiBoldItalic.ttf */,
				26DC80871B6C4584B04C39DA /* Montserrat-Thin.ttf */,
				2402FD28DE2B472ABDF4213F /* Montserrat-ThinItalic.ttf */,
			);
			name = Resources;
			sourceTree = "<group>";
			path = "";
		};
/* End PBXGroup section */

/* Begin PBXNativeTarget section */
		00E356ED1AD99517003FC87E /* RNLayoutsTests */ = {
			isa = PBXNativeTarget;
			buildConfigurationList = 00E357021AD99517003FC87E /* Build configuration list for PBXNativeTarget "RNLayoutsTests" */;
			buildPhases = (
				00E356EA1AD99517003FC87E /* Sources */,
				00E356EB1AD99517003FC87E /* Frameworks */,
				00E356EC1AD99517003FC87E /* Resources */,
			);
			buildRules = (
			);
			dependencies = (
				00E356F51AD99517003FC87E /* PBXTargetDependency */,
			);
			name = RNLayoutsTests;
			productName = RNLayoutsTests;
			productReference = 00E356EE1AD99517003FC87E /* RNLayoutsTests.xctest */;
			productType = "com.apple.product-type.bundle.unit-test";
		};
		13B07F861A680F5B00A75B9A /* RNLayouts */ = {
			isa = PBXNativeTarget;
			buildConfigurationList = 13B07F931A680F5B00A75B9A /* Build configuration list for PBXNativeTarget "RNLayouts" */;
			buildPhases = (
				FD10A7F022414F080027D42C /* Start Packager */,
				13B07F871A680F5B00A75B9A /* Sources */,
				13B07F8C1A680F5B00A75B9A /* Frameworks */,
				13B07F8E1A680F5B00A75B9A /* Resources */,
				00DD1BFF1BD5951E006B06BC /* Bundle React Native code and images */,
			);
			buildRules = (
			);
			dependencies = (
			);
			name = RNLayouts;
			productName = RNLayouts;
			productReference = 13B07F961A680F5B00A75B9A /* RNLayouts.app */;
			productType = "com.apple.product-type.application";
		};
		2D02E47A1E0B4A5D006451C7 /* RNLayouts-tvOS */ = {
			isa = PBXNativeTarget;
			buildConfigurationList = 2D02E4BA1E0B4A5E006451C7 /* Build configuration list for PBXNativeTarget "RNLayouts-tvOS" */;
			buildPhases = (
				FD10A7F122414F3F0027D42C /* Start Packager */,
				2D02E4771E0B4A5D006451C7 /* Sources */,
				2D02E4781E0B4A5D006451C7 /* Frameworks */,
				2D02E4791E0B4A5D006451C7 /* Resources */,
				2D02E4CB1E0B4B27006451C7 /* Bundle React Native Code And Images */,
			);
			buildRules = (
			);
			dependencies = (
			);
			name = "RNLayouts-tvOS";
			productName = "RNLayouts-tvOS";
			productReference = 2D02E47B1E0B4A5D006451C7 /* RNLayouts-tvOS.app */;
			productType = "com.apple.product-type.application";
		};
		2D02E48F1E0B4A5D006451C7 /* RNLayouts-tvOSTests */ = {
			isa = PBXNativeTarget;
			buildConfigurationList = 2D02E4BB1E0B4A5E006451C7 /* Build configuration list for PBXNativeTarget "RNLayouts-tvOSTests" */;
			buildPhases = (
				2D02E48C1E0B4A5D006451C7 /* Sources */,
				2D02E48D1E0B4A5D006451C7 /* Frameworks */,
				2D02E48E1E0B4A5D006451C7 /* Resources */,
			);
			buildRules = (
			);
			dependencies = (
				2D02E4921E0B4A5D006451C7 /* PBXTargetDependency */,
			);
			name = "RNLayouts-tvOSTests";
			productName = "RNLayouts-tvOSTests";
			productReference = 2D02E4901E0B4A5D006451C7 /* RNLayouts-tvOSTests.xctest */;
			productType = "com.apple.product-type.bundle.unit-test";
		};
/* End PBXNativeTarget section */

/* Begin PBXProject section */
		83CBB9F71A601CBA00E9B192 /* Project object */ = {
			isa = PBXProject;
			attributes = {
				LastUpgradeCheck = 1130;
				TargetAttributes = {
					00E356ED1AD99517003FC87E = {
						CreatedOnToolsVersion = 6.2;
						TestTargetID = 13B07F861A680F5B00A75B9A;
					};
					13B07F861A680F5B00A75B9A = {
						LastSwiftMigration = 1120;
					};
					2D02E47A1E0B4A5D006451C7 = {
						CreatedOnToolsVersion = 8.2.1;
						ProvisioningStyle = Automatic;
					};
					2D02E48F1E0B4A5D006451C7 = {
						CreatedOnToolsVersion = 8.2.1;
						ProvisioningStyle = Automatic;
						TestTargetID = 2D02E47A1E0B4A5D006451C7;
					};
				};
			};
			buildConfigurationList = 83CBB9FA1A601CBA00E9B192 /* Build configuration list for PBXProject "RNLayouts" */;
			compatibilityVersion = "Xcode 3.2";
			developmentRegion = en;
			hasScannedForEncodings = 0;
			knownRegions = (
				en,
				Base,
			);
			mainGroup = 83CBB9F61A601CBA00E9B192;
			productRefGroup = 83CBBA001A601CBA00E9B192 /* Products */;
			projectDirPath = "";
			projectRoot = "";
			targets = (
				13B07F861A680F5B00A75B9A /* RNLayouts */,
				00E356ED1AD99517003FC87E /* RNLayoutsTests */,
				2D02E47A1E0B4A5D006451C7 /* RNLayouts-tvOS */,
				2D02E48F1E0B4A5D006451C7 /* RNLayouts-tvOSTests */,
			);
		};
/* End PBXProject section */

/* Begin PBXResourcesBuildPhase section */
		00E356EC1AD99517003FC87E /* Resources */ = {
			isa = PBXResourcesBuildPhase;
			buildActionMask = 2147483647;
			files = (
			);
			runOnlyForDeploymentPostprocessing = 0;
		};
		13B07F8E1A680F5B00A75B9A /* Resources */ = {
			isa = PBXResourcesBuildPhase;
			buildActionMask = 2147483647;
			files = (
				13B07FBF1A68108700A75B9A /* Images.xcassets in Resources */,
				13B07FBD1A68108700A75B9A /* LaunchScreen.xib in Resources */,
				AABCD73951D54F62B71E1077 /* Exo2.0-Black.otf in Resources */,
				E4F07A6A8B46424995CAD102 /* Exo2.0-BlackItalic.otf in Resources */,
				2688FA44888D42EE9B648AD5 /* Exo2.0-Bold.otf in Resources */,
				BFB667FB733F4BF9B54F51F8 /* Exo2.0-BoldItalic.otf in Resources */,
				0E2EB35AC9A04801B60F2DDA /* Exo2.0-ExtraBold.otf in Resources */,
				6642992421664434B1CA8CA1 /* Exo2.0-ExtraBoldItalic.otf in Resources */,
				3AFB340F34F94E24AD95ECA8 /* Exo2.0-ExtraLight.otf in Resources */,
				104C2EE8F8374F30BD41D70A /* Exo2.0-ExtraLightItalic.otf in Resources */,
				D216C899C3594C23B6D66A53 /* Exo2.0-Italic.otf in Resources */,
				2B858357FD1B4F239EF0AECE /* Exo2.0-Light.otf in Resources */,
				E125EF9800D54C0C8577CC81 /* Exo2.0-LightItalic.otf in Resources */,
				6A4A6FAF72E54BB0A331FB72 /* Exo2.0-Medium.otf in Resources */,
				097D6D773F644A96A6F59F4D /* Exo2.0-MediumItalic.otf in Resources */,
				4E71669BDCFA47E392B90592 /* Exo2.0-Regular.otf in Resources */,
				2317C741AA21424B8DDF929B /* Exo2.0-SemiBold.otf in Resources */,
				57EE7784743F4ABFA11DE291 /* Exo2.0-SemiBoldItalic.otf in Resources */,
				6260FA86EC104EB5944146C9 /* Exo2.0-Thin.otf in Resources */,
				7D0088E3159A42CA8745ED03 /* Exo2.0-ThinItalic.otf in Resources */,
				C22101642AF74CF29C5655A4 /* Montserrat-Black.otf in Resources */,
				EB3F8E32BEA74BA29499FBAC /* Montserrat-BlackItalic.otf in Resources */,
				37F7379C61474BF8BF633A3A /* Montserrat-Bold.otf in Resources */,
				A2D7A0E9C4C14C2C8F7F96B5 /* Montserrat-BoldItalic.otf in Resources */,
				78E5F2577AD64CFF95BCE53A /* Montserrat-ExtraBold.otf in Resources */,
				6DAE849D538C49A386438025 /* Montserrat-ExtraBoldItalic.otf in Resources */,
				AFB65751D4A7497490D0DD45 /* Montserrat-ExtraLight.otf in Resources */,
				5D56D8EA617D44548F976078 /* Montserrat-ExtraLightItalic.otf in Resources */,
				5AFF913869D94C30B7C19A78 /* Montserrat-Italic.otf in Resources */,
				D55694C9BF2943409D14F356 /* Montserrat-Light.otf in Resources */,
				76D435A848E94481B39EF059 /* Montserrat-LightItalic.otf in Resources */,
				BAF8CAF402CB4142865B72B6 /* Montserrat-Medium.otf in Resources */,
				A67FC617143F41C7A031EF27 /* Montserrat-MediumItalic.otf in Resources */,
				394EF30875434717BA65EEC0 /* Montserrat-Regular.otf in Resources */,
				AFF490ABD4084002B0A909EF /* Montserrat-SemiBold.otf in Resources */,
				EBEED377E24641D2A05E7CF0 /* Montserrat-SemiBoldItalic.otf in Resources */,
				A2C8A65F0BCF44F7B60CA543 /* Montserrat-Thin.otf in Resources */,
				9F8D09FB19F74A4EA8D9F7F1 /* Montserrat-ThinItalic.otf in Resources */,
				3962DA20F4F24AB1B4A59749 /* MontserratAlternates-Black.otf in Resources */,
				D9871F799B6847E697AEAF18 /* MontserratAlternates-BlackItalic.otf in Resources */,
				5DC002711F8B4E01BC29396F /* MontserratAlternates-Bold.otf in Resources */,
				78D0F6C1001A49EC9609709B /* MontserratAlternates-BoldItalic.otf in Resources */,
				2590B0BE675641BA96874A85 /* MontserratAlternates-ExtraBold.otf in Resources */,
				FAD4BB2DD30B4C838A7B7E3B /* MontserratAlternates-ExtraBoldItalic.otf in Resources */,
				E1C3D90F632D484DA023E525 /* MontserratAlternates-ExtraLight.otf in Resources */,
				44962DE842804460A84DF91D /* MontserratAlternates-ExtraLightItalic.otf in Resources */,
				3A012F520019431CA73FF943 /* MontserratAlternates-Italic.otf in Resources */,
				84EBDC595B334A18956C7611 /* MontserratAlternates-Light.otf in Resources */,
				1FC0EA64D7694D97A676D4CB /* MontserratAlternates-LightItalic.otf in Resources */,
				F16AFACE78F34D8D91D6D166 /* MontserratAlternates-Medium.otf in Resources */,
				413B07E10FC243D8BB983926 /* MontserratAlternates-MediumItalic.otf in Resources */,
				E39FC1F0C96C45FEAED03AB6 /* MontserratAlternates-Regular.otf in Resources */,
				A0A6413C3B1C427594CCB769 /* MontserratAlternates-SemiBold.otf in Resources */,
				DBAF8B0D13224275B1EAE5D7 /* MontserratAlternates-SemiBoldItalic.otf in Resources */,
				742C41E99B354636BAD8DD14 /* MontserratAlternates-Thin.otf in Resources */,
				E115D6F481744CDEAF139E16 /* MontserratAlternates-ThinItalic.otf in Resources */,
				5BF585A3C9B74EC89A357BA9 /* montserrat-medium.ttf in Resources */,
				F065CEEEA51D45F688CE6427 /* montserrat-regular.ttf in Resources */,
				EA991A3F4A1645F784FF1645 /* montserrat-thin.ttf in Resources */,
				6DA40A6851D146A1A605C9C8 /* montserrat.ttf in Resources */,
				14492C4581404D3198E10024 /* Roboto-Black.ttf in Resources */,
				1A50653C5DA94C67931DFD32 /* Roboto-BlackItalic.ttf in Resources */,
				B57EC5AB8928482A8D65586C /* Roboto-Bold.ttf in Resources */,
				6E4A5BD0ED3D43EBB7DAE84C /* Roboto-BoldCondensed.ttf in Resources */,
				AEB18FEE9FDE45ED98E423E4 /* Roboto-BoldCondensedItalic.ttf in Resources */,
				2D8E1AF9A92C4303981465E8 /* Roboto-BoldItalic.ttf in Resources */,
				B9B0E1189ABE4D5D86BFAFD0 /* Roboto-Condensed.ttf in Resources */,
				19D0854A7E814454BE56513E /* Roboto-CondensedItalic.ttf in Resources */,
				D25AC61A1F874AEFAC53D68D /* Roboto-Italic.ttf in Resources */,
				44C0720D7C3B4B30AA9C6F07 /* Roboto-Light.ttf in Resources */,
				6E9F5ADB2F2E4A3C905C3A37 /* Roboto-LightItalic.ttf in Resources */,
				AC2E92281D2C40EFB10B32DE /* Roboto-Medium.ttf in Resources */,
				857E3ECC5F1C4CD4A16B6CAA /* Roboto-MediumItalic.ttf in Resources */,
				B8AF684229EE4058A3FC46B4 /* Roboto-Regular.ttf in Resources */,
				3F52B13B6AC64B60BDA9306C /* Roboto-Thin.ttf in Resources */,
				3C8CB85272FB4FDEA974E7E8 /* Roboto-ThinItalic.ttf in Resources */,
				6A6552C2473A4C379A0F180F /* AntDesign.ttf in Resources */,
				B89EC6DF46884A13B7A37997 /* Entypo.ttf in Resources */,
				7231A5C1ACAA48BE8B80E969 /* EvilIcons.ttf in Resources */,
				C29BCF07CA4D413B9ADDCFC3 /* Feather.ttf in Resources */,
				ACE55E9A81244A3894F2253C /* FontAwesome.ttf in Resources */,
				55C79C377A5442B7B8A001F2 /* FontAwesome5_Brands.ttf in Resources */,
				8678A3A3794B47F4B431C991 /* FontAwesome5_Regular.ttf in Resources */,
				0C6F9A0CB2C24459A5253A75 /* FontAwesome5_Solid.ttf in Resources */,
				736A475B90874F1099B70A40 /* Fontisto.ttf in Resources */,
				67484FD0344B4C6A85BFDB5B /* Foundation.ttf in Resources */,
				BCF49F7BF2B04A229D585050 /* Ionicons.ttf in Resources */,
				0EB39BBB36034514B3748494 /* MaterialCommunityIcons.ttf in Resources */,
				0E887E8A71C2439496A1B4A3 /* MaterialIcons.ttf in Resources */,
				213B3243DF004C569CA3F0BA /* Octicons.ttf in Resources */,
				AAEB1260A4F8449482EF25DE /* SimpleLineIcons.ttf in Resources */,
				D5ED2A5923244BC8969722FD /* Zocial.ttf in Resources */,
				CDFAD2F6CAC34D5F812FE5F4 /* Montserrat-Black.ttf in Resources */,
				100F157159694969969ED7D1 /* Montserrat-BlackItalic.ttf in Resources */,
				CC6611ACEF424DF09EF4F6F1 /* Montserrat-Bold.ttf in Resources */,
				77780739FB4D4C178093FC97 /* Montserrat-BoldItalic.ttf in Resources */,
				05C82AB2620349878F00FECF /* Montserrat-ExtraBold.ttf in Resources */,
				8959A63310BD4B078F7D2A5C /* Montserrat-ExtraBoldItalic.ttf in Resources */,
				7DC0821BA9A94CC89EA2C158 /* Montserrat-ExtraLight.ttf in Resources */,
				E0A258E21CCF4B908A0C48C3 /* Montserrat-ExtraLightItalic.ttf in Resources */,
				6627A484176D4B619B99BDC1 /* Montserrat-Italic.ttf in Resources */,
				E5DF3D3CA6354E19ACC6258F /* Montserrat-Light.ttf in Resources */,
				06DDD6A431C04C5496CC7E65 /* Montserrat-LightItalic.ttf in Resources */,
				F7A0627E71E74F2B97CB8FF5 /* Montserrat-Medium.ttf in Resources */,
				83163CB768E04B618D0E4836 /* Montserrat-MediumItalic.ttf in Resources */,
				8F82B1B7B29C4B32B5759FCC /* Montserrat-Regular.ttf in Resources */,
				4572540C5F364C109AADA5B5 /* Montserrat-SemiBold.ttf in Resources */,
				8DB876D303764A34B8E9AC96 /* Montserrat-SemiBoldItalic.ttf in Resources */,
				E043D610A27F4014965CD91B /* Montserrat-Thin.ttf in Resources */,
				A8DCF8C30F38489B9E813E46 /* Montserrat-ThinItalic.ttf in Resources */,
			);
			runOnlyForDeploymentPostprocessing = 0;
		};
		2D02E4791E0B4A5D006451C7 /* Resources */ = {
			isa = PBXResourcesBuildPhase;
			buildActionMask = 2147483647;
			files = (
				2D02E4BD1E0B4A84006451C7 /* Images.xcassets in Resources */,
			);
			runOnlyForDeploymentPostprocessing = 0;
		};
		2D02E48E1E0B4A5D006451C7 /* Resources */ = {
			isa = PBXResourcesBuildPhase;
			buildActionMask = 2147483647;
			files = (
			);
			runOnlyForDeploymentPostprocessing = 0;
		};
/* End PBXResourcesBuildPhase section */

/* Begin PBXShellScriptBuildPhase section */
		00DD1BFF1BD5951E006B06BC /* Bundle React Native code and images */ = {
			isa = PBXShellScriptBuildPhase;
			buildActionMask = 2147483647;
			files = (
			);
			inputPaths = (
			);
			name = "Bundle React Native code and images";
			outputPaths = (
			);
			runOnlyForDeploymentPostprocessing = 0;
			shellPath = /bin/sh;
			shellScript = "export NODE_BINARY=node\n../node_modules/react-native/scripts/react-native-xcode.sh";
		};
		2D02E4CB1E0B4B27006451C7 /* Bundle React Native Code And Images */ = {
			isa = PBXShellScriptBuildPhase;
			buildActionMask = 2147483647;
			files = (
			);
			inputPaths = (
			);
			name = "Bundle React Native Code And Images";
			outputPaths = (
			);
			runOnlyForDeploymentPostprocessing = 0;
			shellPath = /bin/sh;
			shellScript = "export NODE_BINARY=node\n../node_modules/react-native/scripts/react-native-xcode.sh";
		};
		FD10A7F022414F080027D42C /* Start Packager */ = {
			isa = PBXShellScriptBuildPhase;
			buildActionMask = 2147483647;
			files = (
			);
			inputFileListPaths = (
			);
			inputPaths = (
			);
			name = "Start Packager";
			outputFileListPaths = (
			);
			outputPaths = (
			);
			runOnlyForDeploymentPostprocessing = 0;
			shellPath = /bin/sh;
			shellScript = "export RCT_METRO_PORT=\"${RCT_METRO_PORT:=8081}\"\necho \"export RCT_METRO_PORT=${RCT_METRO_PORT}\" > \"${SRCROOT}/../node_modules/react-native/scripts/.packager.env\"\nif [ -z \"${RCT_NO_LAUNCH_PACKAGER+xxx}\" ] ; then\n  if nc -w 5 -z localhost ${RCT_METRO_PORT} ; then\n    if ! curl -s \"http://localhost:${RCT_METRO_PORT}/status\" | grep -q \"packager-status:running\" ; then\n      echo \"Port ${RCT_METRO_PORT} already in use, packager is either not running or not running correctly\"\n      exit 2\n    fi\n  else\n    open \"$SRCROOT/../node_modules/react-native/scripts/launchPackager.command\" || echo \"Can't start packager automatically\"\n  fi\nfi\n";
			showEnvVarsInLog = 0;
		};
		FD10A7F122414F3F0027D42C /* Start Packager */ = {
			isa = PBXShellScriptBuildPhase;
			buildActionMask = 2147483647;
			files = (
			);
			inputFileListPaths = (
			);
			inputPaths = (
			);
			name = "Start Packager";
			outputFileListPaths = (
			);
			outputPaths = (
			);
			runOnlyForDeploymentPostprocessing = 0;
			shellPath = /bin/sh;
			shellScript = "export RCT_METRO_PORT=\"${RCT_METRO_PORT:=8081}\"\necho \"export RCT_METRO_PORT=${RCT_METRO_PORT}\" > \"${SRCROOT}/../node_modules/react-native/scripts/.packager.env\"\nif [ -z \"${RCT_NO_LAUNCH_PACKAGER+xxx}\" ] ; then\n  if nc -w 5 -z localhost ${RCT_METRO_PORT} ; then\n    if ! curl -s \"http://localhost:${RCT_METRO_PORT}/status\" | grep -q \"packager-status:running\" ; then\n      echo \"Port ${RCT_METRO_PORT} already in use, packager is either not running or not running correctly\"\n      exit 2\n    fi\n  else\n    open \"$SRCROOT/../node_modules/react-native/scripts/launchPackager.command\" || echo \"Can't start packager automatically\"\n  fi\nfi\n";
			showEnvVarsInLog = 0;
		};
/* End PBXShellScriptBuildPhase section */

/* Begin PBXSourcesBuildPhase section */
		00E356EA1AD99517003FC87E /* Sources */ = {
			isa = PBXSourcesBuildPhase;
			buildActionMask = 2147483647;
			files = (
				00E356F31AD99517003FC87E /* RNLayoutsTests.m in Sources */,
			);
			runOnlyForDeploymentPostprocessing = 0;
		};
		13B07F871A680F5B00A75B9A /* Sources */ = {
			isa = PBXSourcesBuildPhase;
			buildActionMask = 2147483647;
			files = (
				13B07FBC1A68108700A75B9A /* AppDelegate.m in Sources */,
				13B07FC11A68108700A75B9A /* main.m in Sources */,
			);
			runOnlyForDeploymentPostprocessing = 0;
		};
		2D02E4771E0B4A5D006451C7 /* Sources */ = {
			isa = PBXSourcesBuildPhase;
			buildActionMask = 2147483647;
			files = (
				2D02E4BF1E0B4AB3006451C7 /* main.m in Sources */,
				2D02E4BC1E0B4A80006451C7 /* AppDelegate.m in Sources */,
			);
			runOnlyForDeploymentPostprocessing = 0;
		};
		2D02E48C1E0B4A5D006451C7 /* Sources */ = {
			isa = PBXSourcesBuildPhase;
			buildActionMask = 2147483647;
			files = (
				2DCD954D1E0B4F2C00145EB5 /* RNLayoutsTests.m in Sources */,
			);
			runOnlyForDeploymentPostprocessing = 0;
		};
/* End PBXSourcesBuildPhase section */

/* Begin PBXTargetDependency section */
		00E356F51AD99517003FC87E /* PBXTargetDependency */ = {
			isa = PBXTargetDependency;
			target = 13B07F861A680F5B00A75B9A /* RNLayouts */;
			targetProxy = 00E356F41AD99517003FC87E /* PBXContainerItemProxy */;
		};
		2D02E4921E0B4A5D006451C7 /* PBXTargetDependency */ = {
			isa = PBXTargetDependency;
			target = 2D02E47A1E0B4A5D006451C7 /* RNLayouts-tvOS */;
			targetProxy = 2D02E4911E0B4A5D006451C7 /* PBXContainerItemProxy */;
		};
/* End PBXTargetDependency section */

/* Begin PBXVariantGroup section */
		13B07FB11A68108700A75B9A /* LaunchScreen.xib */ = {
			isa = PBXVariantGroup;
			children = (
				13B07FB21A68108700A75B9A /* Base */,
			);
			name = LaunchScreen.xib;
			path = RNLayouts;
			sourceTree = "<group>";
		};
/* End PBXVariantGroup section */

/* Begin XCBuildConfiguration section */
		00E356F61AD99517003FC87E /* Debug */ = {
			isa = XCBuildConfiguration;
			buildSettings = {
				BUNDLE_LOADER = "$(TEST_HOST)";
				GCC_PREPROCESSOR_DEFINITIONS = (
					"DEBUG=1",
					"$(inherited)",
				);
				INFOPLIST_FILE = RNLayoutsTests/Info.plist;
				IPHONEOS_DEPLOYMENT_TARGET = 9.0;
				LD_RUNPATH_SEARCH_PATHS = "$(inherited) @executable_path/Frameworks @loader_path/Frameworks";
				OTHER_LDFLAGS = (
					"-ObjC",
					"-lc++",
					"$(inherited)",
				);
				PRODUCT_BUNDLE_IDENTIFIER = "org.reactjs.native.example.$(PRODUCT_NAME:rfc1034identifier)";
				PRODUCT_NAME = "$(TARGET_NAME)";
				TEST_HOST = "$(BUILT_PRODUCTS_DIR)/RNLayouts.app/RNLayouts";
			};
			name = Debug;
		};
		00E356F71AD99517003FC87E /* Release */ = {
			isa = XCBuildConfiguration;
			buildSettings = {
				BUNDLE_LOADER = "$(TEST_HOST)";
				COPY_PHASE_STRIP = NO;
				INFOPLIST_FILE = RNLayoutsTests/Info.plist;
				IPHONEOS_DEPLOYMENT_TARGET = 9.0;
				LD_RUNPATH_SEARCH_PATHS = "$(inherited) @executable_path/Frameworks @loader_path/Frameworks";
				OTHER_LDFLAGS = (
					"-ObjC",
					"-lc++",
					"$(inherited)",
				);
				PRODUCT_BUNDLE_IDENTIFIER = "org.reactjs.native.example.$(PRODUCT_NAME:rfc1034identifier)";
				PRODUCT_NAME = "$(TARGET_NAME)";
				TEST_HOST = "$(BUILT_PRODUCTS_DIR)/RNLayouts.app/RNLayouts";
			};
			name = Release;
		};
		13B07F941A680F5B00A75B9A /* Debug */ = {
			isa = XCBuildConfiguration;
			buildSettings = {
				ASSETCATALOG_COMPILER_APPICON_NAME = AppIcon;
				CLANG_ENABLE_MODULES = YES;
				CURRENT_PROJECT_VERSION = 1;
				ENABLE_BITCODE = NO;
				GCC_PREPROCESSOR_DEFINITIONS = (
					"$(inherited)",
					"FB_SONARKIT_ENABLED=1",
				);
				INFOPLIST_FILE = RNLayouts/Info.plist;
				LD_RUNPATH_SEARCH_PATHS = "$(inherited) @executable_path/Frameworks";
				OTHER_LDFLAGS = (
					"$(inherited)",
					"-ObjC",
					"-lc++",
				);
				PRODUCT_BUNDLE_IDENTIFIER = "org.reactjs.native.example.$(PRODUCT_NAME:rfc1034identifier)";
				PRODUCT_NAME = RNLayouts;
				SWIFT_OPTIMIZATION_LEVEL = "-Onone";
				SWIFT_VERSION = 5.0;
				VERSIONING_SYSTEM = "apple-generic";
			};
			name = Debug;
		};
		13B07F951A680F5B00A75B9A /* Release */ = {
			isa = XCBuildConfiguration;
			buildSettings = {
				ASSETCATALOG_COMPILER_APPICON_NAME = AppIcon;
				CLANG_ENABLE_MODULES = YES;
				CURRENT_PROJECT_VERSION = 1;
				INFOPLIST_FILE = RNLayouts/Info.plist;
				LD_RUNPATH_SEARCH_PATHS = "$(inherited) @executable_path/Frameworks";
				OTHER_LDFLAGS = (
					"$(inherited)",
					"-ObjC",
					"-lc++",
				);
				PRODUCT_BUNDLE_IDENTIFIER = "org.reactjs.native.example.$(PRODUCT_NAME:rfc1034identifier)";
				PRODUCT_NAME = RNLayouts;
				SWIFT_VERSION = 5.0;
				VERSIONING_SYSTEM = "apple-generic";
			};
			name = Release;
		};
		2D02E4971E0B4A5E006451C7 /* Debug */ = {
			isa = XCBuildConfiguration;
			buildSettings = {
				ASSETCATALOG_COMPILER_APPICON_NAME = "App Icon & Top Shelf Image";
				ASSETCATALOG_COMPILER_LAUNCHIMAGE_NAME = LaunchImage;
				CLANG_ANALYZER_NONNULL = YES;
				CLANG_WARN_DOCUMENTATION_COMMENTS = YES;
				CLANG_WARN_INFINITE_RECURSION = YES;
				CLANG_WARN_SUSPICIOUS_MOVE = YES;
				DEBUG_INFORMATION_FORMAT = dwarf;
				ENABLE_TESTABILITY = YES;
				GCC_NO_COMMON_BLOCKS = YES;
				INFOPLIST_FILE = "RNLayouts-tvOS/Info.plist";
				LD_RUNPATH_SEARCH_PATHS = "$(inherited) @executable_path/Frameworks";
				OTHER_LDFLAGS = (
					"$(inherited)",
					"-ObjC",
					"-lc++",
				);
				PRODUCT_BUNDLE_IDENTIFIER = "org.reactjs.native.example.RNLayouts-tvOS";
				PRODUCT_NAME = "$(TARGET_NAME)";
				SDKROOT = appletvos;
				TARGETED_DEVICE_FAMILY = 3;
				TVOS_DEPLOYMENT_TARGET = 9.2;
			};
			name = Debug;
		};
		2D02E4981E0B4A5E006451C7 /* Release */ = {
			isa = XCBuildConfiguration;
			buildSettings = {
				ASSETCATALOG_COMPILER_APPICON_NAME = "App Icon & Top Shelf Image";
				ASSETCATALOG_COMPILER_LAUNCHIMAGE_NAME = LaunchImage;
				CLANG_ANALYZER_NONNULL = YES;
				CLANG_WARN_DOCUMENTATION_COMMENTS = YES;
				CLANG_WARN_INFINITE_RECURSION = YES;
				CLANG_WARN_SUSPICIOUS_MOVE = YES;
				COPY_PHASE_STRIP = NO;
				DEBUG_INFORMATION_FORMAT = "dwarf-with-dsym";
				GCC_NO_COMMON_BLOCKS = YES;
				INFOPLIST_FILE = "RNLayouts-tvOS/Info.plist";
				LD_RUNPATH_SEARCH_PATHS = "$(inherited) @executable_path/Frameworks";
				OTHER_LDFLAGS = (
					"$(inherited)",
					"-ObjC",
					"-lc++",
				);
				PRODUCT_BUNDLE_IDENTIFIER = "org.reactjs.native.example.RNLayouts-tvOS";
				PRODUCT_NAME = "$(TARGET_NAME)";
				SDKROOT = appletvos;
				TARGETED_DEVICE_FAMILY = 3;
				TVOS_DEPLOYMENT_TARGET = 9.2;
			};
			name = Release;
		};
		2D02E4991E0B4A5E006451C7 /* Debug */ = {
			isa = XCBuildConfiguration;
			buildSettings = {
				BUNDLE_LOADER = "$(TEST_HOST)";
				CLANG_ANALYZER_NONNULL = YES;
				CLANG_WARN_DOCUMENTATION_COMMENTS = YES;
				CLANG_WARN_INFINITE_RECURSION = YES;
				CLANG_WARN_SUSPICIOUS_MOVE = YES;
				DEBUG_INFORMATION_FORMAT = dwarf;
				ENABLE_TESTABILITY = YES;
				GCC_NO_COMMON_BLOCKS = YES;
				INFOPLIST_FILE = "RNLayouts-tvOSTests/Info.plist";
				LD_RUNPATH_SEARCH_PATHS = "$(inherited) @executable_path/Frameworks @loader_path/Frameworks";
				OTHER_LDFLAGS = (
					"$(inherited)",
					"-ObjC",
					"-lc++",
				);
				PRODUCT_BUNDLE_IDENTIFIER = "org.reactjs.native.example.RNLayouts-tvOSTests";
				PRODUCT_NAME = "$(TARGET_NAME)";
				SDKROOT = appletvos;
				TEST_HOST = "$(BUILT_PRODUCTS_DIR)/RNLayouts-tvOS.app/RNLayouts-tvOS";
				TVOS_DEPLOYMENT_TARGET = 10.1;
			};
			name = Debug;
		};
		2D02E49A1E0B4A5E006451C7 /* Release */ = {
			isa = XCBuildConfiguration;
			buildSettings = {
				BUNDLE_LOADER = "$(TEST_HOST)";
				CLANG_ANALYZER_NONNULL = YES;
				CLANG_WARN_DOCUMENTATION_COMMENTS = YES;
				CLANG_WARN_INFINITE_RECURSION = YES;
				CLANG_WARN_SUSPICIOUS_MOVE = YES;
				COPY_PHASE_STRIP = NO;
				DEBUG_INFORMATION_FORMAT = "dwarf-with-dsym";
				GCC_NO_COMMON_BLOCKS = YES;
				INFOPLIST_FILE = "RNLayouts-tvOSTests/Info.plist";
				LD_RUNPATH_SEARCH_PATHS = "$(inherited) @executable_path/Frameworks @loader_path/Frameworks";
				OTHER_LDFLAGS = (
					"$(inherited)",
					"-ObjC",
					"-lc++",
				);
				PRODUCT_BUNDLE_IDENTIFIER = "org.reactjs.native.example.RNLayouts-tvOSTests";
				PRODUCT_NAME = "$(TARGET_NAME)";
				SDKROOT = appletvos;
				TEST_HOST = "$(BUILT_PRODUCTS_DIR)/RNLayouts-tvOS.app/RNLayouts-tvOS";
				TVOS_DEPLOYMENT_TARGET = 10.1;
			};
			name = Release;
		};
		83CBBA201A601CBA00E9B192 /* Debug */ = {
			isa = XCBuildConfiguration;
			buildSettings = {
				ALWAYS_SEARCH_USER_PATHS = NO;
				CLANG_ANALYZER_LOCALIZABILITY_NONLOCALIZED = YES;
				CLANG_CXX_LANGUAGE_STANDARD = "gnu++0x";
				CLANG_CXX_LIBRARY = "libc++";
				CLANG_ENABLE_MODULES = YES;
				CLANG_ENABLE_OBJC_ARC = YES;
				CLANG_WARN_BLOCK_CAPTURE_AUTORELEASING = YES;
				CLANG_WARN_BOOL_CONVERSION = YES;
				CLANG_WARN_COMMA = YES;
				CLANG_WARN_CONSTANT_CONVERSION = YES;
				CLANG_WARN_DEPRECATED_OBJC_IMPLEMENTATIONS = YES;
				CLANG_WARN_DIRECT_OBJC_ISA_USAGE = YES_ERROR;
				CLANG_WARN_EMPTY_BODY = YES;
				CLANG_WARN_ENUM_CONVERSION = YES;
				CLANG_WARN_INFINITE_RECURSION = YES;
				CLANG_WARN_INT_CONVERSION = YES;
				CLANG_WARN_NON_LITERAL_NULL_CONVERSION = YES;
				CLANG_WARN_OBJC_IMPLICIT_RETAIN_SELF = YES;
				CLANG_WARN_OBJC_LITERAL_CONVERSION = YES;
				CLANG_WARN_OBJC_ROOT_CLASS = YES_ERROR;
				CLANG_WARN_RANGE_LOOP_ANALYSIS = YES;
				CLANG_WARN_STRICT_PROTOTYPES = YES;
				CLANG_WARN_SUSPICIOUS_MOVE = YES;
				CLANG_WARN_UNREACHABLE_CODE = YES;
				CLANG_WARN__DUPLICATE_METHOD_MATCH = YES;
				"CODE_SIGN_IDENTITY[sdk=iphoneos*]" = "iPhone Developer";
				COPY_PHASE_STRIP = NO;
				ENABLE_STRICT_OBJC_MSGSEND = YES;
				ENABLE_TESTABILITY = YES;
				GCC_C_LANGUAGE_STANDARD = gnu99;
				GCC_DYNAMIC_NO_PIC = NO;
				GCC_NO_COMMON_BLOCKS = YES;
				GCC_OPTIMIZATION_LEVEL = 0;
				GCC_PREPROCESSOR_DEFINITIONS = (
					"DEBUG=1",
					"$(inherited)",
				);
				GCC_SYMBOLS_PRIVATE_EXTERN = NO;
				GCC_WARN_64_TO_32_BIT_CONVERSION = YES;
				GCC_WARN_ABOUT_RETURN_TYPE = YES_ERROR;
				GCC_WARN_UNDECLARED_SELECTOR = YES;
				GCC_WARN_UNINITIALIZED_AUTOS = YES_AGGRESSIVE;
				GCC_WARN_UNUSED_FUNCTION = YES;
				GCC_WARN_UNUSED_VARIABLE = YES;
				IPHONEOS_DEPLOYMENT_TARGET = 9.0;
				LD_RUNPATH_SEARCH_PATHS = "/usr/lib/swift $(inherited)";
				LIBRARY_SEARCH_PATHS = (
					"\"$(TOOLCHAIN_DIR)/usr/lib/swift/$(PLATFORM_NAME)\"",
					"\"$(TOOLCHAIN_DIR)/usr/lib/swift-5.0/$(PLATFORM_NAME)\"",
					"\"$(inherited)\"",
				);
				MTL_ENABLE_DEBUG_INFO = YES;
				ONLY_ACTIVE_ARCH = YES;
				SDKROOT = iphoneos;
			};
			name = Debug;
		};
		83CBBA211A601CBA00E9B192 /* Release */ = {
			isa = XCBuildConfiguration;
			buildSettings = {
				ALWAYS_SEARCH_USER_PATHS = NO;
				CLANG_ANALYZER_LOCALIZABILITY_NONLOCALIZED = YES;
				CLANG_CXX_LANGUAGE_STANDARD = "gnu++0x";
				CLANG_CXX_LIBRARY = "libc++";
				CLANG_ENABLE_MODULES = YES;
				CLANG_ENABLE_OBJC_ARC = YES;
				CLANG_WARN_BLOCK_CAPTURE_AUTORELEASING = YES;
				CLANG_WARN_BOOL_CONVERSION = YES;
				CLANG_WARN_COMMA = YES;
				CLANG_WARN_CONSTANT_CONVERSION = YES;
				CLANG_WARN_DEPRECATED_OBJC_IMPLEMENTATIONS = YES;
				CLANG_WARN_DIRECT_OBJC_ISA_USAGE = YES_ERROR;
				CLANG_WARN_EMPTY_BODY = YES;
				CLANG_WARN_ENUM_CONVERSION = YES;
				CLANG_WARN_INFINITE_RECURSION = YES;
				CLANG_WARN_INT_CONVERSION = YES;
				CLANG_WARN_NON_LITERAL_NULL_CONVERSION = YES;
				CLANG_WARN_OBJC_IMPLICIT_RETAIN_SELF = YES;
				CLANG_WARN_OBJC_LITERAL_CONVERSION = YES;
				CLANG_WARN_OBJC_ROOT_CLASS = YES_ERROR;
				CLANG_WARN_RANGE_LOOP_ANALYSIS = YES;
				CLANG_WARN_STRICT_PROTOTYPES = YES;
				CLANG_WARN_SUSPICIOUS_MOVE = YES;
				CLANG_WARN_UNREACHABLE_CODE = YES;
				CLANG_WARN__DUPLICATE_METHOD_MATCH = YES;
				"CODE_SIGN_IDENTITY[sdk=iphoneos*]" = "iPhone Developer";
				COPY_PHASE_STRIP = YES;
				ENABLE_NS_ASSERTIONS = NO;
				ENABLE_STRICT_OBJC_MSGSEND = YES;
				GCC_C_LANGUAGE_STANDARD = gnu99;
				GCC_NO_COMMON_BLOCKS = YES;
				GCC_WARN_64_TO_32_BIT_CONVERSION = YES;
				GCC_WARN_ABOUT_RETURN_TYPE = YES_ERROR;
				GCC_WARN_UNDECLARED_SELECTOR = YES;
				GCC_WARN_UNINITIALIZED_AUTOS = YES_AGGRESSIVE;
				GCC_WARN_UNUSED_FUNCTION = YES;
				GCC_WARN_UNUSED_VARIABLE = YES;
				IPHONEOS_DEPLOYMENT_TARGET = 9.0;
				LD_RUNPATH_SEARCH_PATHS = "/usr/lib/swift $(inherited)";
				LIBRARY_SEARCH_PATHS = (
					"\"$(TOOLCHAIN_DIR)/usr/lib/swift/$(PLATFORM_NAME)\"",
					"\"$(TOOLCHAIN_DIR)/usr/lib/swift-5.0/$(PLATFORM_NAME)\"",
					"\"$(inherited)\"",
				);
				MTL_ENABLE_DEBUG_INFO = NO;
				SDKROOT = iphoneos;
				VALIDATE_PRODUCT = YES;
			};
			name = Release;
		};
/* End XCBuildConfiguration section */

/* Begin XCConfigurationList section */
		00E357021AD99517003FC87E /* Build configuration list for PBXNativeTarget "RNLayoutsTests" */ = {
			isa = XCConfigurationList;
			buildConfigurations = (
				00E356F61AD99517003FC87E /* Debug */,
				00E356F71AD99517003FC87E /* Release */,
			);
			defaultConfigurationIsVisible = 0;
			defaultConfigurationName = Release;
		};
		13B07F931A680F5B00A75B9A /* Build configuration list for PBXNativeTarget "RNLayouts" */ = {
			isa = XCConfigurationList;
			buildConfigurations = (
				13B07F941A680F5B00A75B9A /* Debug */,
				13B07F951A680F5B00A75B9A /* Release */,
			);
			defaultConfigurationIsVisible = 0;
			defaultConfigurationName = Release;
		};
		2D02E4BA1E0B4A5E006451C7 /* Build configuration list for PBXNativeTarget "RNLayouts-tvOS" */ = {
			isa = XCConfigurationList;
			buildConfigurations = (
				2D02E4971E0B4A5E006451C7 /* Debug */,
				2D02E4981E0B4A5E006451C7 /* Release */,
			);
			defaultConfigurationIsVisible = 0;
			defaultConfigurationName = Release;
		};
		2D02E4BB1E0B4A5E006451C7 /* Build configuration list for PBXNativeTarget "RNLayouts-tvOSTests" */ = {
			isa = XCConfigurationList;
			buildConfigurations = (
				2D02E4991E0B4A5E006451C7 /* Debug */,
				2D02E49A1E0B4A5E006451C7 /* Release */,
			);
			defaultConfigurationIsVisible = 0;
			defaultConfigurationName = Release;
		};
		83CBB9FA1A601CBA00E9B192 /* Build configuration list for PBXProject "RNLayouts" */ = {
			isa = XCConfigurationList;
			buildConfigurations = (
				83CBBA201A601CBA00E9B192 /* Debug */,
				83CBBA211A601CBA00E9B192 /* Release */,
			);
			defaultConfigurationIsVisible = 0;
			defaultConfigurationName = Release;
		};
/* End XCConfigurationList section */
	};
	rootObject = 83CBB9F71A601CBA00E9B192 /* Project object */;
}
